
Microsoft Visual Studio Solution File, Format Version 12.00
# Visual Studio 14
VisualStudioVersion = 14.0.25420.1
MinimumVisualStudioVersion = 10.0.40219.1
Project("{FAE04EC0-301F-11D3-BF4B-00C04F79EFBC}") = "DAL", "Libs\DAL\DAL.csproj", "{428BB290-5C65-4B36-9567-B712202D0A5D}"
EndProject
Project("{E24C65DC-7377-472B-9ABA-BC803B73C61A}") = "MobiPlusWeb", "MobiPlusWeb\", "{17B2EA86-E559-4359-B86F-644BB4419AD6}"
	ProjectSection(WebsiteProperties) = preProject
		TargetFrameworkMoniker = ".NETFramework,Version%3Dv4.0"
		ProjectReferences = "{428BB290-5C65-4B36-9567-B712202D0A5D}|DAL.dll;{438B179C-078B-4CA4-8110-70AE3212083C}|Tools.dll;{D61A043E-D974-4089-8365-08B042176152}|MobiPlus.Models.dll;{d5200e9e-ce32-4beb-8ba8-faac9149b103}|MobiPlus.BusinessLogic.dll;"
		Debug.AspNetCompiler.VirtualPath = "/MobiPlusWeb"
		Debug.AspNetCompiler.PhysicalPath = "MobiPlusWeb\"
		Debug.AspNetCompiler.TargetPath = "PrecompiledWeb\MobiPlusWeb\"
		Debug.AspNetCompiler.Updateable = "true"
		Debug.AspNetCompiler.ForceOverwrite = "true"
		Debug.AspNetCompiler.FixedNames = "false"
		Debug.AspNetCompiler.Debug = "True"
		Release.AspNetCompiler.VirtualPath = "/MobiPlusWeb"
		Release.AspNetCompiler.PhysicalPath = "MobiPlusWeb\"
		Release.AspNetCompiler.TargetPath = "PrecompiledWeb\MobiPlusWeb\"
		Release.AspNetCompiler.Updateable = "true"
		Release.AspNetCompiler.ForceOverwrite = "true"
		Release.AspNetCompiler.FixedNames = "false"
		Release.AspNetCompiler.Debug = "False"
		VWDPort = "57942"
		SlnRelativePath = "MobiPlusWeb\"
		DefaultWebSiteLanguage = "Visual C#"
	EndProjectSection
EndProject
Project("{E24C65DC-7377-472B-9ABA-BC803B73C61A}") = "MobiPlusServices", "MobiPlusServices\", "{3AF714C6-C1A7-4F06-B4FE-EC66CC7470A9}"
	ProjectSection(WebsiteProperties) = preProject
		TargetFrameworkMoniker = ".NETFramework,Version%3Dv4.5"
		ProjectReferences = "{428BB290-5C65-4B36-9567-B712202D0A5D}|DAL.dll;{07D9EB5F-FD46-4A11-9FF3-4C526AC9E81E}|CacheHandler.dll;{438B179C-078B-4CA4-8110-70AE3212083C}|Tools.dll;{16BDB15A-34C1-4A27-8378-B84A3A038D84}|XMLLayoutHandler.dll;{80EBA657-722D-4DC6-AB74-F127FD20DC1D}|SharpZipLib.dll;{D61A043E-D974-4089-8365-08B042176152}|MobiPlus.Models.dll;"
		Debug.AspNetCompiler.VirtualPath = "/MobiPlusServices"
		Debug.AspNetCompiler.PhysicalPath = "MobiPlusServices\"
		Debug.AspNetCompiler.TargetPath = "PrecompiledWeb\MobiPlusServices\"
		Debug.AspNetCompiler.Updateable = "true"
		Debug.AspNetCompiler.ForceOverwrite = "true"
		Debug.AspNetCompiler.FixedNames = "false"
		Debug.AspNetCompiler.Debug = "True"
		Release.AspNetCompiler.VirtualPath = "/MobiPlusServices"
		Release.AspNetCompiler.PhysicalPath = "MobiPlusServices\"
		Release.AspNetCompiler.TargetPath = "PrecompiledWeb\MobiPlusServices\"
		Release.AspNetCompiler.Updateable = "true"
		Release.AspNetCompiler.ForceOverwrite = "true"
		Release.AspNetCompiler.FixedNames = "false"
		Release.AspNetCompiler.Debug = "False"
		VWDPort = "57939"
		SlnRelativePath = "MobiPlusServices\"
		DefaultWebSiteLanguage = "Visual C#"
	EndProjectSection
EndProject
Project("{FAE04EC0-301F-11D3-BF4B-00C04F79EFBC}") = "PushServer", "PushServer\PushServer.csproj", "{DD68D353-ED53-49C9-8396-A90114C419EE}"
EndProject
Project("{FAE04EC0-301F-11D3-BF4B-00C04F79EFBC}") = "CacheHandler", "CacheHandler\CacheHandler.csproj", "{07D9EB5F-FD46-4A11-9FF3-4C526AC9E81E}"
EndProject
Project("{FAE04EC0-301F-11D3-BF4B-00C04F79EFBC}") = "Tools", "Tools\Tools.csproj", "{438B179C-078B-4CA4-8110-70AE3212083C}"
EndProject
Project("{E24C65DC-7377-472B-9ABA-BC803B73C61A}") = "MobiPlusManager", "MobiPlusManager\", "{437DB060-9717-422D-8B82-C8D77C744C2D}"
	ProjectSection(WebsiteProperties) = preProject
		TargetFrameworkMoniker = ".NETFramework,Version%3Dv4.0"
		ProjectReferences = "{438B179C-078B-4CA4-8110-70AE3212083C}|Tools.dll;"
		Debug.AspNetCompiler.VirtualPath = "/MobiPlusManager"
		Debug.AspNetCompiler.PhysicalPath = "MobiPlusManager\"
		Debug.AspNetCompiler.TargetPath = "PrecompiledWeb\MobiPlusManager\"
		Debug.AspNetCompiler.Updateable = "true"
		Debug.AspNetCompiler.ForceOverwrite = "true"
		Debug.AspNetCompiler.FixedNames = "false"
		Debug.AspNetCompiler.Debug = "True"
		Release.AspNetCompiler.VirtualPath = "/MobiPlusManager"
		Release.AspNetCompiler.PhysicalPath = "MobiPlusManager\"
		Release.AspNetCompiler.TargetPath = "PrecompiledWeb\MobiPlusManager\"
		Release.AspNetCompiler.Updateable = "true"
		Release.AspNetCompiler.ForceOverwrite = "true"
		Release.AspNetCompiler.FixedNames = "false"
		Release.AspNetCompiler.Debug = "False"
		VWDPort = "57936"
		SlnRelativePath = "MobiPlusManager\"
		DefaultWebSiteLanguage = "Visual C#"
	EndProjectSection
EndProject
Project("{2150E333-8FDC-42A3-9474-1A3956D46DE8}") = "Core", "Core", "{38321FFD-B752-4D0E-A2D4-3F4AA0D1B40E}"
EndProject
Project("{2150E333-8FDC-42A3-9474-1A3956D46DE8}") = "Services", "Services", "{0BA0F3CA-7046-46E9-B1FA-E4997E51C754}"
EndProject
Project("{2150E333-8FDC-42A3-9474-1A3956D46DE8}") = "UI", "UI", "{B7D63E9F-C418-443F-A0EB-727799995EAB}"
EndProject
Project("{2150E333-8FDC-42A3-9474-1A3956D46DE8}") = "Servers", "Servers", "{A222A2F8-8A74-48F2-BB52-C10C0F26F46C}"
EndProject
Project("{FAE04EC0-301F-11D3-BF4B-00C04F79EFBC}") = "websocket-sharp", "websocket-sharp\websocket-sharp.csproj", "{B357BAC7-529E-4D81-A0D2-71041B19C8DE}"
EndProject
Project("{FAE04EC0-301F-11D3-BF4B-00C04F79EFBC}") = "XMLLayoutHandler", "XMLLayoutHandler\XMLLayoutHandler.csproj", "{16BDB15A-34C1-4A27-8378-B84A3A038D84}"
EndProject
Project("{FAE04EC0-301F-11D3-BF4B-00C04F79EFBC}") = "MTNLocationServer", "MTNLocationServer\MTNLocationServer.csproj", "{A6C30720-8D6C-48CC-9EC4-38C907F7D4DA}"
EndProject
Project("{E24C65DC-7377-472B-9ABA-BC803B73C61A}") = "MobiPlusLayout", "MobiPlusLayout\", "{C20AD704-821A-46F2-815E-459A64EE54A4}"
	ProjectSection(WebsiteProperties) = preProject
		TargetFrameworkMoniker = ".NETFramework,Version%3Dv4.0"
		ProjectReferences = "{438B179C-078B-4CA4-8110-70AE3212083C}|Tools.dll;{D61A043E-D974-4089-8365-08B042176152}|MobiPlus.Models.dll;{d5200e9e-ce32-4beb-8ba8-faac9149b103}|MobiPlus.BusinessLogic.dll;{428BB290-5C65-4B36-9567-B712202D0A5D}|DAL.dll;{07d9eb5f-fd46-4a11-9ff3-4c526ac9e81e}|CacheHandler.dll;{16bdb15a-34c1-4a27-8378-b84a3a038d84}|XMLLayoutHandler.dll;"
		Debug.AspNetCompiler.VirtualPath = "/MobiPlusLayout"
		Debug.AspNetCompiler.PhysicalPath = "MobiPlusLayout\"
		Debug.AspNetCompiler.TargetPath = "PrecompiledWeb\MobiPlusLayout\"
		Debug.AspNetCompiler.Updateable = "true"
		Debug.AspNetCompiler.ForceOverwrite = "true"
		Debug.AspNetCompiler.FixedNames = "false"
		Debug.AspNetCompiler.Debug = "True"
		Release.AspNetCompiler.VirtualPath = "/MobiPlusLayout"
		Release.AspNetCompiler.PhysicalPath = "MobiPlusLayout\"
		Release.AspNetCompiler.TargetPath = "PrecompiledWeb\MobiPlusLayout\"
		Release.AspNetCompiler.Updateable = "true"
		Release.AspNetCompiler.ForceOverwrite = "true"
		Release.AspNetCompiler.FixedNames = "false"
		Release.AspNetCompiler.Debug = "False"
		VWDPort = "57945"
		SlnRelativePath = "MobiPlusLayout\"
		DefaultWebSiteLanguage = "Visual C#"
	EndProjectSection
	ProjectSection(ProjectDependencies) = postProject
		{0E47161A-D956-424A-8FD7-469B1207BBA1} = {0E47161A-D956-424A-8FD7-469B1207BBA1}
	EndProjectSection
EndProject
Project("{E24C65DC-7377-472B-9ABA-BC803B73C61A}") = "MobiPlusGeneral", "MobiPlusGeneral\", "{6DF0378E-C979-4DEC-9023-FE43EAB35D1C}"
	ProjectSection(WebsiteProperties) = preProject
		TargetFrameworkMoniker = ".NETFramework,Version%3Dv4.0"
		Debug.AspNetCompiler.VirtualPath = "/MobiPlusGeneral"
		Debug.AspNetCompiler.PhysicalPath = "MobiPlusGeneral\"
		Debug.AspNetCompiler.TargetPath = "PrecompiledWeb\MobiPlusGeneral\"
		Debug.AspNetCompiler.Updateable = "true"
		Debug.AspNetCompiler.ForceOverwrite = "true"
		Debug.AspNetCompiler.FixedNames = "false"
		Debug.AspNetCompiler.Debug = "True"
		Release.AspNetCompiler.VirtualPath = "/MobiPlusGeneral"
		Release.AspNetCompiler.PhysicalPath = "MobiPlusGeneral\"
		Release.AspNetCompiler.TargetPath = "PrecompiledWeb\MobiPlusGeneral\"
		Release.AspNetCompiler.Updateable = "true"
		Release.AspNetCompiler.ForceOverwrite = "true"
		Release.AspNetCompiler.FixedNames = "false"
		Release.AspNetCompiler.Debug = "False"
		VWDPort = "57948"
		SlnRelativePath = "MobiPlusGeneral\"
		DefaultWebSiteLanguage = "Visual C#"
	EndProjectSection
EndProject
Project("{FAE04EC0-301F-11D3-BF4B-00C04F79EFBC}") = "ServiceRestarter", "ServiceRestarter\ServiceRestarter.csproj", "{A55708A0-4D57-44C4-A2C9-D9584431FC33}"
EndProject
Project("{FAE04EC0-301F-11D3-BF4B-00C04F79EFBC}") = "WSServer", "WSServer\WSServer.csproj", "{DFB3EC19-A868-491D-9081-9DB04B209785}"
EndProject
Project("{FAE04EC0-301F-11D3-BF4B-00C04F79EFBC}") = "FilesHandler", "FilesHandler\FilesHandler.csproj", "{3C70AD17-C367-488A-A23D-A8551A819AF5}"
EndProject
Project("{FAE04EC0-301F-11D3-BF4B-00C04F79EFBC}") = "SharpZipLib", "SharpZipLib\SharpZipLib.csproj", "{80EBA657-722D-4DC6-AB74-F127FD20DC1D}"
EndProject
Project("{E24C65DC-7377-472B-9ABA-BC803B73C61A}") = "Mobi_B2B", "Mobi_B2B\", "{B3BD0613-828A-4DE0-B7E8-0A436A65C428}"
	ProjectSection(WebsiteProperties) = preProject
		TargetFrameworkMoniker = ".NETFramework,Version%3Dv4.0"
		Debug.AspNetCompiler.VirtualPath = "/Mobi_B2B"
		Debug.AspNetCompiler.PhysicalPath = "Mobi_B2B\"
		Debug.AspNetCompiler.TargetPath = "PrecompiledWeb\Mobi_B2B\"
		Debug.AspNetCompiler.Updateable = "true"
		Debug.AspNetCompiler.ForceOverwrite = "true"
		Debug.AspNetCompiler.FixedNames = "false"
		Debug.AspNetCompiler.Debug = "True"
		Release.AspNetCompiler.VirtualPath = "/Mobi_B2B"
		Release.AspNetCompiler.PhysicalPath = "Mobi_B2B\"
		Release.AspNetCompiler.TargetPath = "PrecompiledWeb\Mobi_B2B\"
		Release.AspNetCompiler.Updateable = "true"
		Release.AspNetCompiler.ForceOverwrite = "true"
		Release.AspNetCompiler.FixedNames = "false"
		Release.AspNetCompiler.Debug = "False"
		VWDPort = "49737"
		SlnRelativePath = "Mobi_B2B\"
		DefaultWebSiteLanguage = "Visual C#"
	EndProjectSection
EndProject
Project("{E24C65DC-7377-472B-9ABA-BC803B73C61A}") = "MobiWebServices", "MobiWebServices\", "{0E47161A-D956-424A-8FD7-469B1207BBA1}"
	ProjectSection(WebsiteProperties) = preProject
		TargetFrameworkMoniker = ".NETFramework,Version%3Dv4.5"
		ProjectReferences = "{428bb290-5c65-4b36-9567-b712202d0a5d}|DAL.dll;{438B179C-078B-4CA4-8110-70AE3212083C}|Tools.dll;{16bdb15a-34c1-4a27-8378-b84a3a038d84}|XMLLayoutHandler.dll;{d61a043e-d974-4089-8365-08b042176152}|MobiPlus.Models.dll;"
		Debug.AspNetCompiler.VirtualPath = "/MobiWebServices"
		Debug.AspNetCompiler.PhysicalPath = "MobiWebServices\"
		Debug.AspNetCompiler.TargetPath = "PrecompiledWeb\MobiWebServices\"
		Debug.AspNetCompiler.Updateable = "true"
		Debug.AspNetCompiler.ForceOverwrite = "true"
		Debug.AspNetCompiler.FixedNames = "false"
		Debug.AspNetCompiler.Debug = "True"
		Release.AspNetCompiler.VirtualPath = "/MobiWebServices"
		Release.AspNetCompiler.PhysicalPath = "MobiWebServices\"
		Release.AspNetCompiler.TargetPath = "PrecompiledWeb\MobiWebServices\"
		Release.AspNetCompiler.Updateable = "true"
		Release.AspNetCompiler.ForceOverwrite = "true"
		Release.AspNetCompiler.FixedNames = "false"
		Release.AspNetCompiler.Debug = "False"
		VWDPort = "58249"
		SlnRelativePath = "MobiWebServices\"
		DefaultWebSiteLanguage = "Visual C#"
	EndProjectSection
EndProject
Project("{E24C65DC-7377-472B-9ABA-BC803B73C61A}") = "MobiPlusLayoutMobile", "MobiPlusLayoutMobile\", "{5AA9C264-5C3D-4F5E-B522-8292A8A70BD5}"
	ProjectSection(WebsiteProperties) = preProject
		TargetFrameworkMoniker = ".NETFramework,Version%3Dv4.0"
		Debug.AspNetCompiler.VirtualPath = "/localhost_49622"
		Debug.AspNetCompiler.PhysicalPath = "MobiPlusLayoutMobile\"
		Debug.AspNetCompiler.TargetPath = "PrecompiledWeb\localhost_49622\"
		Debug.AspNetCompiler.Updateable = "true"
		Debug.AspNetCompiler.ForceOverwrite = "true"
		Debug.AspNetCompiler.FixedNames = "false"
		Debug.AspNetCompiler.Debug = "True"
		Release.AspNetCompiler.VirtualPath = "/localhost_49622"
		Release.AspNetCompiler.PhysicalPath = "MobiPlusLayoutMobile\"
		Release.AspNetCompiler.TargetPath = "PrecompiledWeb\localhost_49622\"
		Release.AspNetCompiler.Updateable = "true"
		Release.AspNetCompiler.ForceOverwrite = "true"
		Release.AspNetCompiler.FixedNames = "false"
		Release.AspNetCompiler.Debug = "False"
		VWDPort = "49622"
		SlnRelativePath = "MobiPlusLayoutMobile\"
	EndProjectSection
EndProject
Project("{FAE04EC0-301F-11D3-BF4B-00C04F79EFBC}") = "PDFPrinterObj", "PDFPrinterObj\PDFPrinterObj.csproj", "{D84F8891-CE6E-44B3-83CA-87325D1F2BC4}"
EndProject
Project("{E24C65DC-7377-472B-9ABA-BC803B73C61A}") = "Mobisale", "Mobisale\", "{76FBF776-3F46-4C34-9FDB-C77D16762F06}"
	ProjectSection(WebsiteProperties) = preProject
		TargetFrameworkMoniker = ".NETFramework,Version%3Dv4.0"
		Debug.AspNetCompiler.VirtualPath = "/localhost_51433"
		Debug.AspNetCompiler.PhysicalPath = "Mobisale\"
		Debug.AspNetCompiler.TargetPath = "PrecompiledWeb\localhost_51433\"
		Debug.AspNetCompiler.Updateable = "true"
		Debug.AspNetCompiler.ForceOverwrite = "true"
		Debug.AspNetCompiler.FixedNames = "false"
		Debug.AspNetCompiler.Debug = "True"
		Release.AspNetCompiler.VirtualPath = "/localhost_51433"
		Release.AspNetCompiler.PhysicalPath = "Mobisale\"
		Release.AspNetCompiler.TargetPath = "PrecompiledWeb\localhost_51433\"
		Release.AspNetCompiler.Updateable = "true"
		Release.AspNetCompiler.ForceOverwrite = "true"
		Release.AspNetCompiler.FixedNames = "false"
		Release.AspNetCompiler.Debug = "False"
		VWDPort = "51433"
		SlnRelativePath = "Mobisale\"
	EndProjectSection
EndProject
Project("{FAE04EC0-301F-11D3-BF4B-00C04F79EFBC}") = "PythonStarter", "PythonStarter\PythonStarter.csproj", "{504504BF-1D63-4AD8-A870-E50895BE7155}"
EndProject
Project("{FAE04EC0-301F-11D3-BF4B-00C04F79EFBC}") = "MobiPlus.Models", "MobiPlus.Models\MobiPlus.Models.csproj", "{D61A043E-D974-4089-8365-08B042176152}"
EndProject
Project("{FAE04EC0-301F-11D3-BF4B-00C04F79EFBC}") = "MobiPlus.BusinessLogic", "MobiPlus.BusinessLogic\MobiPlus.BusinessLogic.csproj", "{D5200E9E-CE32-4BEB-8BA8-FAAC9149B103}"
EndProject
Project("{FAE04EC0-301F-11D3-BF4B-00C04F79EFBC}") = "MobiPlus.Layout", "MobiPlus.Layout\MobiPlus.Layout.csproj", "{29B381A2-DC34-4D1C-95B3-42A8FFD94D5D}"
EndProject
Project("{FAE04EC0-301F-11D3-BF4B-00C04F79EFBC}") = "MobiPlus.LayoutTests", "MobiPlus.LayoutTests\MobiPlus.LayoutTests.csproj", "{B0A10A37-A59C-4E2A-8B33-89E2C8D60284}"
EndProject
Project("{FAE04EC0-301F-11D3-BF4B-00C04F79EFBC}") = "MobiPlus.WebLayoutDesign", "MobiPlus.WebLayoutDesign\MobiPlus.WebLayoutDesign.csproj", "{B1185306-721C-494D-B37E-5785125A051E}"
EndProject
Project("{FAE04EC0-301F-11D3-BF4B-00C04F79EFBC}") = "MobiPlus.Diplomat", "MobiPlus.Diplomat\MobiPlus.Diplomat.csproj", "{B850C642-2640-4FAF-91B5-8FFCDEB473BB}"
EndProject
Global
	GlobalSection(SolutionConfigurationPlatforms) = preSolution
		Debug_Ubuntu|Any CPU = Debug_Ubuntu|Any CPU
		Debug_Ubuntu|Mixed Platforms = Debug_Ubuntu|Mixed Platforms
		Debug_Ubuntu|x64 = Debug_Ubuntu|x64
		Debug_Ubuntu|x86 = Debug_Ubuntu|x86
		Debug|Any CPU = Debug|Any CPU
		Debug|Mixed Platforms = Debug|Mixed Platforms
		Debug|x64 = Debug|x64
		Debug|x86 = Debug|x86
		Release_Ubuntu|Any CPU = Release_Ubuntu|Any CPU
		Release_Ubuntu|Mixed Platforms = Release_Ubuntu|Mixed Platforms
		Release_Ubuntu|x64 = Release_Ubuntu|x64
		Release_Ubuntu|x86 = Release_Ubuntu|x86
		Release|Any CPU = Release|Any CPU
		Release|Mixed Platforms = Release|Mixed Platforms
		Release|x64 = Release|x64
		Release|x86 = Release|x86
	EndGlobalSection
	GlobalSection(ProjectConfigurationPlatforms) = postSolution
		{428BB290-5C65-4B36-9567-B712202D0A5D}.Debug_Ubuntu|Any CPU.ActiveCfg = Debug|Any CPU
		{428BB290-5C65-4B36-9567-B712202D0A5D}.Debug_Ubuntu|Any CPU.Build.0 = Debug|Any CPU
		{428BB290-5C65-4B36-9567-B712202D0A5D}.Debug_Ubuntu|Mixed Platforms.ActiveCfg = Debug|Any CPU
		{428BB290-5C65-4B36-9567-B712202D0A5D}.Debug_Ubuntu|Mixed Platforms.Build.0 = Debug|Any CPU
		{428BB290-5C65-4B36-9567-B712202D0A5D}.Debug_Ubuntu|x64.ActiveCfg = Debug|Any CPU
		{428BB290-5C65-4B36-9567-B712202D0A5D}.Debug_Ubuntu|x86.ActiveCfg = Debug|Any CPU
		{428BB290-5C65-4B36-9567-B712202D0A5D}.Debug|Any CPU.ActiveCfg = Debug|Any CPU
		{428BB290-5C65-4B36-9567-B712202D0A5D}.Debug|Any CPU.Build.0 = Debug|Any CPU
		{428BB290-5C65-4B36-9567-B712202D0A5D}.Debug|Mixed Platforms.ActiveCfg = Debug|Any CPU
		{428BB290-5C65-4B36-9567-B712202D0A5D}.Debug|Mixed Platforms.Build.0 = Debug|Any CPU
		{428BB290-5C65-4B36-9567-B712202D0A5D}.Debug|x64.ActiveCfg = Debug|Any CPU
		{428BB290-5C65-4B36-9567-B712202D0A5D}.Debug|x86.ActiveCfg = Debug|Any CPU
		{428BB290-5C65-4B36-9567-B712202D0A5D}.Release_Ubuntu|Any CPU.ActiveCfg = Release|Any CPU
		{428BB290-5C65-4B36-9567-B712202D0A5D}.Release_Ubuntu|Any CPU.Build.0 = Release|Any CPU
		{428BB290-5C65-4B36-9567-B712202D0A5D}.Release_Ubuntu|Mixed Platforms.ActiveCfg = Release|Any CPU
		{428BB290-5C65-4B36-9567-B712202D0A5D}.Release_Ubuntu|Mixed Platforms.Build.0 = Release|Any CPU
		{428BB290-5C65-4B36-9567-B712202D0A5D}.Release_Ubuntu|x64.ActiveCfg = Release|Any CPU
		{428BB290-5C65-4B36-9567-B712202D0A5D}.Release_Ubuntu|x86.ActiveCfg = Release|Any CPU
		{428BB290-5C65-4B36-9567-B712202D0A5D}.Release|Any CPU.ActiveCfg = Release|Any CPU
		{428BB290-5C65-4B36-9567-B712202D0A5D}.Release|Any CPU.Build.0 = Release|Any CPU
		{428BB290-5C65-4B36-9567-B712202D0A5D}.Release|Mixed Platforms.ActiveCfg = Debug|Any CPU
		{428BB290-5C65-4B36-9567-B712202D0A5D}.Release|Mixed Platforms.Build.0 = Debug|Any CPU
		{428BB290-5C65-4B36-9567-B712202D0A5D}.Release|x64.ActiveCfg = Release|Any CPU
		{428BB290-5C65-4B36-9567-B712202D0A5D}.Release|x86.ActiveCfg = Release|Any CPU
		{17B2EA86-E559-4359-B86F-644BB4419AD6}.Debug_Ubuntu|Any CPU.ActiveCfg = Debug|Any CPU
		{17B2EA86-E559-4359-B86F-644BB4419AD6}.Debug_Ubuntu|Any CPU.Build.0 = Debug|Any CPU
		{17B2EA86-E559-4359-B86F-644BB4419AD6}.Debug_Ubuntu|Mixed Platforms.ActiveCfg = Debug|Any CPU
		{17B2EA86-E559-4359-B86F-644BB4419AD6}.Debug_Ubuntu|Mixed Platforms.Build.0 = Debug|Any CPU
		{17B2EA86-E559-4359-B86F-644BB4419AD6}.Debug_Ubuntu|x64.ActiveCfg = Debug|Any CPU
		{17B2EA86-E559-4359-B86F-644BB4419AD6}.Debug_Ubuntu|x86.ActiveCfg = Debug|Any CPU
		{17B2EA86-E559-4359-B86F-644BB4419AD6}.Debug|Any CPU.ActiveCfg = Debug|Any CPU
		{17B2EA86-E559-4359-B86F-644BB4419AD6}.Debug|Any CPU.Build.0 = Debug|Any CPU
		{17B2EA86-E559-4359-B86F-644BB4419AD6}.Debug|Mixed Platforms.ActiveCfg = Debug|Any CPU
		{17B2EA86-E559-4359-B86F-644BB4419AD6}.Debug|Mixed Platforms.Build.0 = Debug|Any CPU
		{17B2EA86-E559-4359-B86F-644BB4419AD6}.Debug|x64.ActiveCfg = Debug|Any CPU
		{17B2EA86-E559-4359-B86F-644BB4419AD6}.Debug|x86.ActiveCfg = Debug|Any CPU
		{17B2EA86-E559-4359-B86F-644BB4419AD6}.Release_Ubuntu|Any CPU.ActiveCfg = Debug|Any CPU
		{17B2EA86-E559-4359-B86F-644BB4419AD6}.Release_Ubuntu|Any CPU.Build.0 = Debug|Any CPU
		{17B2EA86-E559-4359-B86F-644BB4419AD6}.Release_Ubuntu|Mixed Platforms.ActiveCfg = Debug|Any CPU
		{17B2EA86-E559-4359-B86F-644BB4419AD6}.Release_Ubuntu|Mixed Platforms.Build.0 = Debug|Any CPU
		{17B2EA86-E559-4359-B86F-644BB4419AD6}.Release_Ubuntu|x64.ActiveCfg = Debug|Any CPU
		{17B2EA86-E559-4359-B86F-644BB4419AD6}.Release_Ubuntu|x86.ActiveCfg = Debug|Any CPU
		{17B2EA86-E559-4359-B86F-644BB4419AD6}.Release|Any CPU.ActiveCfg = Debug|Any CPU
		{17B2EA86-E559-4359-B86F-644BB4419AD6}.Release|Any CPU.Build.0 = Debug|Any CPU
		{17B2EA86-E559-4359-B86F-644BB4419AD6}.Release|Mixed Platforms.ActiveCfg = Debug|Any CPU
		{17B2EA86-E559-4359-B86F-644BB4419AD6}.Release|Mixed Platforms.Build.0 = Debug|Any CPU
		{17B2EA86-E559-4359-B86F-644BB4419AD6}.Release|x64.ActiveCfg = Debug|Any CPU
		{17B2EA86-E559-4359-B86F-644BB4419AD6}.Release|x86.ActiveCfg = Debug|Any CPU
		{3AF714C6-C1A7-4F06-B4FE-EC66CC7470A9}.Debug_Ubuntu|Any CPU.ActiveCfg = Debug|Any CPU
		{3AF714C6-C1A7-4F06-B4FE-EC66CC7470A9}.Debug_Ubuntu|Any CPU.Build.0 = Debug|Any CPU
		{3AF714C6-C1A7-4F06-B4FE-EC66CC7470A9}.Debug_Ubuntu|Mixed Platforms.ActiveCfg = Debug|Any CPU
		{3AF714C6-C1A7-4F06-B4FE-EC66CC7470A9}.Debug_Ubuntu|Mixed Platforms.Build.0 = Debug|Any CPU
		{3AF714C6-C1A7-4F06-B4FE-EC66CC7470A9}.Debug_Ubuntu|x64.ActiveCfg = Debug|Any CPU
		{3AF714C6-C1A7-4F06-B4FE-EC66CC7470A9}.Debug_Ubuntu|x86.ActiveCfg = Debug|Any CPU
		{3AF714C6-C1A7-4F06-B4FE-EC66CC7470A9}.Debug|Any CPU.ActiveCfg = Debug|Any CPU
		{3AF714C6-C1A7-4F06-B4FE-EC66CC7470A9}.Debug|Any CPU.Build.0 = Debug|Any CPU
		{3AF714C6-C1A7-4F06-B4FE-EC66CC7470A9}.Debug|Mixed Platforms.ActiveCfg = Debug|Any CPU
		{3AF714C6-C1A7-4F06-B4FE-EC66CC7470A9}.Debug|Mixed Platforms.Build.0 = Debug|Any CPU
		{3AF714C6-C1A7-4F06-B4FE-EC66CC7470A9}.Debug|x64.ActiveCfg = Debug|Any CPU
		{3AF714C6-C1A7-4F06-B4FE-EC66CC7470A9}.Debug|x86.ActiveCfg = Debug|Any CPU
		{3AF714C6-C1A7-4F06-B4FE-EC66CC7470A9}.Release_Ubuntu|Any CPU.ActiveCfg = Debug|Any CPU
		{3AF714C6-C1A7-4F06-B4FE-EC66CC7470A9}.Release_Ubuntu|Any CPU.Build.0 = Debug|Any CPU
		{3AF714C6-C1A7-4F06-B4FE-EC66CC7470A9}.Release_Ubuntu|Mixed Platforms.ActiveCfg = Debug|Any CPU
		{3AF714C6-C1A7-4F06-B4FE-EC66CC7470A9}.Release_Ubuntu|Mixed Platforms.Build.0 = Debug|Any CPU
		{3AF714C6-C1A7-4F06-B4FE-EC66CC7470A9}.Release_Ubuntu|x64.ActiveCfg = Debug|Any CPU
		{3AF714C6-C1A7-4F06-B4FE-EC66CC7470A9}.Release_Ubuntu|x86.ActiveCfg = Debug|Any CPU
		{3AF714C6-C1A7-4F06-B4FE-EC66CC7470A9}.Release|Any CPU.ActiveCfg = Debug|Any CPU
		{3AF714C6-C1A7-4F06-B4FE-EC66CC7470A9}.Release|Any CPU.Build.0 = Debug|Any CPU
		{3AF714C6-C1A7-4F06-B4FE-EC66CC7470A9}.Release|Mixed Platforms.ActiveCfg = Debug|Any CPU
		{3AF714C6-C1A7-4F06-B4FE-EC66CC7470A9}.Release|Mixed Platforms.Build.0 = Debug|Any CPU
		{3AF714C6-C1A7-4F06-B4FE-EC66CC7470A9}.Release|x64.ActiveCfg = Debug|Any CPU
		{3AF714C6-C1A7-4F06-B4FE-EC66CC7470A9}.Release|x86.ActiveCfg = Debug|Any CPU
		{DD68D353-ED53-49C9-8396-A90114C419EE}.Debug_Ubuntu|Any CPU.ActiveCfg = Debug|x86
		{DD68D353-ED53-49C9-8396-A90114C419EE}.Debug_Ubuntu|Mixed Platforms.ActiveCfg = Debug|x86
		{DD68D353-ED53-49C9-8396-A90114C419EE}.Debug_Ubuntu|Mixed Platforms.Build.0 = Debug|x86
		{DD68D353-ED53-49C9-8396-A90114C419EE}.Debug_Ubuntu|x64.ActiveCfg = Debug|x86
		{DD68D353-ED53-49C9-8396-A90114C419EE}.Debug_Ubuntu|x86.ActiveCfg = Debug|x86
		{DD68D353-ED53-49C9-8396-A90114C419EE}.Debug_Ubuntu|x86.Build.0 = Debug|x86
		{DD68D353-ED53-49C9-8396-A90114C419EE}.Debug|Any CPU.ActiveCfg = Debug|x86
		{DD68D353-ED53-49C9-8396-A90114C419EE}.Debug|Mixed Platforms.ActiveCfg = Debug|x86
		{DD68D353-ED53-49C9-8396-A90114C419EE}.Debug|Mixed Platforms.Build.0 = Debug|x86
		{DD68D353-ED53-49C9-8396-A90114C419EE}.Debug|x64.ActiveCfg = Debug|x86
		{DD68D353-ED53-49C9-8396-A90114C419EE}.Debug|x86.ActiveCfg = Debug|x86
		{DD68D353-ED53-49C9-8396-A90114C419EE}.Debug|x86.Build.0 = Debug|x86
		{DD68D353-ED53-49C9-8396-A90114C419EE}.Release_Ubuntu|Any CPU.ActiveCfg = Release|x86
		{DD68D353-ED53-49C9-8396-A90114C419EE}.Release_Ubuntu|Mixed Platforms.ActiveCfg = Release|x86
		{DD68D353-ED53-49C9-8396-A90114C419EE}.Release_Ubuntu|Mixed Platforms.Build.0 = Release|x86
		{DD68D353-ED53-49C9-8396-A90114C419EE}.Release_Ubuntu|x64.ActiveCfg = Release|x86
		{DD68D353-ED53-49C9-8396-A90114C419EE}.Release_Ubuntu|x86.ActiveCfg = Release|x86
		{DD68D353-ED53-49C9-8396-A90114C419EE}.Release_Ubuntu|x86.Build.0 = Release|x86
		{DD68D353-ED53-49C9-8396-A90114C419EE}.Release|Any CPU.ActiveCfg = Release|x86
		{DD68D353-ED53-49C9-8396-A90114C419EE}.Release|Mixed Platforms.ActiveCfg = Debug|x86
		{DD68D353-ED53-49C9-8396-A90114C419EE}.Release|Mixed Platforms.Build.0 = Debug|x86
		{DD68D353-ED53-49C9-8396-A90114C419EE}.Release|x64.ActiveCfg = Release|x86
		{DD68D353-ED53-49C9-8396-A90114C419EE}.Release|x86.ActiveCfg = Release|x86
		{DD68D353-ED53-49C9-8396-A90114C419EE}.Release|x86.Build.0 = Release|x86
		{07D9EB5F-FD46-4A11-9FF3-4C526AC9E81E}.Debug_Ubuntu|Any CPU.ActiveCfg = Debug|Any CPU
		{07D9EB5F-FD46-4A11-9FF3-4C526AC9E81E}.Debug_Ubuntu|Any CPU.Build.0 = Debug|Any CPU
		{07D9EB5F-FD46-4A11-9FF3-4C526AC9E81E}.Debug_Ubuntu|Mixed Platforms.ActiveCfg = Debug|Any CPU
		{07D9EB5F-FD46-4A11-9FF3-4C526AC9E81E}.Debug_Ubuntu|Mixed Platforms.Build.0 = Debug|Any CPU
		{07D9EB5F-FD46-4A11-9FF3-4C526AC9E81E}.Debug_Ubuntu|x64.ActiveCfg = Debug|Any CPU
		{07D9EB5F-FD46-4A11-9FF3-4C526AC9E81E}.Debug_Ubuntu|x86.ActiveCfg = Debug|Any CPU
		{07D9EB5F-FD46-4A11-9FF3-4C526AC9E81E}.Debug|Any CPU.ActiveCfg = Debug|Any CPU
		{07D9EB5F-FD46-4A11-9FF3-4C526AC9E81E}.Debug|Any CPU.Build.0 = Debug|Any CPU
		{07D9EB5F-FD46-4A11-9FF3-4C526AC9E81E}.Debug|Mixed Platforms.ActiveCfg = Debug|Any CPU
		{07D9EB5F-FD46-4A11-9FF3-4C526AC9E81E}.Debug|Mixed Platforms.Build.0 = Debug|Any CPU
		{07D9EB5F-FD46-4A11-9FF3-4C526AC9E81E}.Debug|x64.ActiveCfg = Debug|Any CPU
		{07D9EB5F-FD46-4A11-9FF3-4C526AC9E81E}.Debug|x86.ActiveCfg = Debug|Any CPU
		{07D9EB5F-FD46-4A11-9FF3-4C526AC9E81E}.Release_Ubuntu|Any CPU.ActiveCfg = Release|Any CPU
		{07D9EB5F-FD46-4A11-9FF3-4C526AC9E81E}.Release_Ubuntu|Any CPU.Build.0 = Release|Any CPU
		{07D9EB5F-FD46-4A11-9FF3-4C526AC9E81E}.Release_Ubuntu|Mixed Platforms.ActiveCfg = Release|Any CPU
		{07D9EB5F-FD46-4A11-9FF3-4C526AC9E81E}.Release_Ubuntu|Mixed Platforms.Build.0 = Release|Any CPU
		{07D9EB5F-FD46-4A11-9FF3-4C526AC9E81E}.Release_Ubuntu|x64.ActiveCfg = Release|Any CPU
		{07D9EB5F-FD46-4A11-9FF3-4C526AC9E81E}.Release_Ubuntu|x86.ActiveCfg = Release|Any CPU
		{07D9EB5F-FD46-4A11-9FF3-4C526AC9E81E}.Release|Any CPU.ActiveCfg = Release|Any CPU
		{07D9EB5F-FD46-4A11-9FF3-4C526AC9E81E}.Release|Any CPU.Build.0 = Release|Any CPU
		{07D9EB5F-FD46-4A11-9FF3-4C526AC9E81E}.Release|Mixed Platforms.ActiveCfg = Debug|Any CPU
		{07D9EB5F-FD46-4A11-9FF3-4C526AC9E81E}.Release|Mixed Platforms.Build.0 = Debug|Any CPU
		{07D9EB5F-FD46-4A11-9FF3-4C526AC9E81E}.Release|x64.ActiveCfg = Release|Any CPU
		{07D9EB5F-FD46-4A11-9FF3-4C526AC9E81E}.Release|x86.ActiveCfg = Release|Any CPU
		{438B179C-078B-4CA4-8110-70AE3212083C}.Debug_Ubuntu|Any CPU.ActiveCfg = Debug|Any CPU
		{438B179C-078B-4CA4-8110-70AE3212083C}.Debug_Ubuntu|Any CPU.Build.0 = Debug|Any CPU
		{438B179C-078B-4CA4-8110-70AE3212083C}.Debug_Ubuntu|Mixed Platforms.ActiveCfg = Debug|Any CPU
		{438B179C-078B-4CA4-8110-70AE3212083C}.Debug_Ubuntu|Mixed Platforms.Build.0 = Debug|Any CPU
		{438B179C-078B-4CA4-8110-70AE3212083C}.Debug_Ubuntu|x64.ActiveCfg = Debug|Any CPU
		{438B179C-078B-4CA4-8110-70AE3212083C}.Debug_Ubuntu|x86.ActiveCfg = Debug|Any CPU
		{438B179C-078B-4CA4-8110-70AE3212083C}.Debug|Any CPU.ActiveCfg = Debug|Any CPU
		{438B179C-078B-4CA4-8110-70AE3212083C}.Debug|Any CPU.Build.0 = Debug|Any CPU
		{438B179C-078B-4CA4-8110-70AE3212083C}.Debug|Mixed Platforms.ActiveCfg = Debug|Any CPU
		{438B179C-078B-4CA4-8110-70AE3212083C}.Debug|Mixed Platforms.Build.0 = Debug|Any CPU
		{438B179C-078B-4CA4-8110-70AE3212083C}.Debug|x64.ActiveCfg = Debug|Any CPU
		{438B179C-078B-4CA4-8110-70AE3212083C}.Debug|x86.ActiveCfg = Debug|Any CPU
		{438B179C-078B-4CA4-8110-70AE3212083C}.Release_Ubuntu|Any CPU.ActiveCfg = Release|Any CPU
		{438B179C-078B-4CA4-8110-70AE3212083C}.Release_Ubuntu|Any CPU.Build.0 = Release|Any CPU
		{438B179C-078B-4CA4-8110-70AE3212083C}.Release_Ubuntu|Mixed Platforms.ActiveCfg = Release|Any CPU
		{438B179C-078B-4CA4-8110-70AE3212083C}.Release_Ubuntu|Mixed Platforms.Build.0 = Release|Any CPU
		{438B179C-078B-4CA4-8110-70AE3212083C}.Release_Ubuntu|x64.ActiveCfg = Release|Any CPU
		{438B179C-078B-4CA4-8110-70AE3212083C}.Release_Ubuntu|x86.ActiveCfg = Release|Any CPU
		{438B179C-078B-4CA4-8110-70AE3212083C}.Release|Any CPU.ActiveCfg = Release|Any CPU
		{438B179C-078B-4CA4-8110-70AE3212083C}.Release|Any CPU.Build.0 = Release|Any CPU
		{438B179C-078B-4CA4-8110-70AE3212083C}.Release|Mixed Platforms.ActiveCfg = Debug|Any CPU
		{438B179C-078B-4CA4-8110-70AE3212083C}.Release|Mixed Platforms.Build.0 = Debug|Any CPU
		{438B179C-078B-4CA4-8110-70AE3212083C}.Release|x64.ActiveCfg = Release|Any CPU
		{438B179C-078B-4CA4-8110-70AE3212083C}.Release|x86.ActiveCfg = Release|Any CPU
		{437DB060-9717-422D-8B82-C8D77C744C2D}.Debug_Ubuntu|Any CPU.ActiveCfg = Debug|Any CPU
		{437DB060-9717-422D-8B82-C8D77C744C2D}.Debug_Ubuntu|Any CPU.Build.0 = Debug|Any CPU
		{437DB060-9717-422D-8B82-C8D77C744C2D}.Debug_Ubuntu|Mixed Platforms.ActiveCfg = Debug|Any CPU
		{437DB060-9717-422D-8B82-C8D77C744C2D}.Debug_Ubuntu|Mixed Platforms.Build.0 = Debug|Any CPU
		{437DB060-9717-422D-8B82-C8D77C744C2D}.Debug_Ubuntu|x64.ActiveCfg = Debug|Any CPU
		{437DB060-9717-422D-8B82-C8D77C744C2D}.Debug_Ubuntu|x86.ActiveCfg = Debug|Any CPU
		{437DB060-9717-422D-8B82-C8D77C744C2D}.Debug|Any CPU.ActiveCfg = Debug|Any CPU
		{437DB060-9717-422D-8B82-C8D77C744C2D}.Debug|Any CPU.Build.0 = Debug|Any CPU
		{437DB060-9717-422D-8B82-C8D77C744C2D}.Debug|Mixed Platforms.ActiveCfg = Debug|Any CPU
		{437DB060-9717-422D-8B82-C8D77C744C2D}.Debug|Mixed Platforms.Build.0 = Debug|Any CPU
		{437DB060-9717-422D-8B82-C8D77C744C2D}.Debug|x64.ActiveCfg = Debug|Any CPU
		{437DB060-9717-422D-8B82-C8D77C744C2D}.Debug|x86.ActiveCfg = Debug|Any CPU
		{437DB060-9717-422D-8B82-C8D77C744C2D}.Release_Ubuntu|Any CPU.ActiveCfg = Debug|Any CPU
		{437DB060-9717-422D-8B82-C8D77C744C2D}.Release_Ubuntu|Any CPU.Build.0 = Debug|Any CPU
		{437DB060-9717-422D-8B82-C8D77C744C2D}.Release_Ubuntu|Mixed Platforms.ActiveCfg = Debug|Any CPU
		{437DB060-9717-422D-8B82-C8D77C744C2D}.Release_Ubuntu|Mixed Platforms.Build.0 = Debug|Any CPU
		{437DB060-9717-422D-8B82-C8D77C744C2D}.Release_Ubuntu|x64.ActiveCfg = Debug|Any CPU
		{437DB060-9717-422D-8B82-C8D77C744C2D}.Release_Ubuntu|x86.ActiveCfg = Debug|Any CPU
		{437DB060-9717-422D-8B82-C8D77C744C2D}.Release|Any CPU.ActiveCfg = Debug|Any CPU
		{437DB060-9717-422D-8B82-C8D77C744C2D}.Release|Any CPU.Build.0 = Debug|Any CPU
		{437DB060-9717-422D-8B82-C8D77C744C2D}.Release|Mixed Platforms.ActiveCfg = Debug|Any CPU
		{437DB060-9717-422D-8B82-C8D77C744C2D}.Release|Mixed Platforms.Build.0 = Debug|Any CPU
		{437DB060-9717-422D-8B82-C8D77C744C2D}.Release|x64.ActiveCfg = Debug|Any CPU
		{437DB060-9717-422D-8B82-C8D77C744C2D}.Release|x86.ActiveCfg = Debug|Any CPU
		{B357BAC7-529E-4D81-A0D2-71041B19C8DE}.Debug_Ubuntu|Any CPU.ActiveCfg = Debug_Ubuntu|Any CPU
		{B357BAC7-529E-4D81-A0D2-71041B19C8DE}.Debug_Ubuntu|Any CPU.Build.0 = Debug_Ubuntu|Any CPU
		{B357BAC7-529E-4D81-A0D2-71041B19C8DE}.Debug_Ubuntu|Mixed Platforms.ActiveCfg = Debug_Ubuntu|Any CPU
		{B357BAC7-529E-4D81-A0D2-71041B19C8DE}.Debug_Ubuntu|Mixed Platforms.Build.0 = Debug_Ubuntu|Any CPU
		{B357BAC7-529E-4D81-A0D2-71041B19C8DE}.Debug_Ubuntu|x64.ActiveCfg = Debug_Ubuntu|Any CPU
		{B357BAC7-529E-4D81-A0D2-71041B19C8DE}.Debug_Ubuntu|x86.ActiveCfg = Debug_Ubuntu|Any CPU
		{B357BAC7-529E-4D81-A0D2-71041B19C8DE}.Debug|Any CPU.ActiveCfg = Debug|Any CPU
		{B357BAC7-529E-4D81-A0D2-71041B19C8DE}.Debug|Any CPU.Build.0 = Debug|Any CPU
		{B357BAC7-529E-4D81-A0D2-71041B19C8DE}.Debug|Mixed Platforms.ActiveCfg = Debug|Any CPU
		{B357BAC7-529E-4D81-A0D2-71041B19C8DE}.Debug|Mixed Platforms.Build.0 = Debug|Any CPU
		{B357BAC7-529E-4D81-A0D2-71041B19C8DE}.Debug|x64.ActiveCfg = Debug|Any CPU
		{B357BAC7-529E-4D81-A0D2-71041B19C8DE}.Debug|x86.ActiveCfg = Debug|Any CPU
		{B357BAC7-529E-4D81-A0D2-71041B19C8DE}.Release_Ubuntu|Any CPU.ActiveCfg = Release_Ubuntu|Any CPU
		{B357BAC7-529E-4D81-A0D2-71041B19C8DE}.Release_Ubuntu|Any CPU.Build.0 = Release_Ubuntu|Any CPU
		{B357BAC7-529E-4D81-A0D2-71041B19C8DE}.Release_Ubuntu|Mixed Platforms.ActiveCfg = Release_Ubuntu|Any CPU
		{B357BAC7-529E-4D81-A0D2-71041B19C8DE}.Release_Ubuntu|Mixed Platforms.Build.0 = Release_Ubuntu|Any CPU
		{B357BAC7-529E-4D81-A0D2-71041B19C8DE}.Release_Ubuntu|x64.ActiveCfg = Release_Ubuntu|Any CPU
		{B357BAC7-529E-4D81-A0D2-71041B19C8DE}.Release_Ubuntu|x86.ActiveCfg = Release_Ubuntu|Any CPU
		{B357BAC7-529E-4D81-A0D2-71041B19C8DE}.Release|Any CPU.ActiveCfg = Release|Any CPU
		{B357BAC7-529E-4D81-A0D2-71041B19C8DE}.Release|Any CPU.Build.0 = Release|Any CPU
		{B357BAC7-529E-4D81-A0D2-71041B19C8DE}.Release|Mixed Platforms.ActiveCfg = Debug|Any CPU
		{B357BAC7-529E-4D81-A0D2-71041B19C8DE}.Release|Mixed Platforms.Build.0 = Debug|Any CPU
		{B357BAC7-529E-4D81-A0D2-71041B19C8DE}.Release|x64.ActiveCfg = Release|Any CPU
		{B357BAC7-529E-4D81-A0D2-71041B19C8DE}.Release|x86.ActiveCfg = Release|Any CPU
		{16BDB15A-34C1-4A27-8378-B84A3A038D84}.Debug_Ubuntu|Any CPU.ActiveCfg = Debug|Any CPU
		{16BDB15A-34C1-4A27-8378-B84A3A038D84}.Debug_Ubuntu|Any CPU.Build.0 = Debug|Any CPU
		{16BDB15A-34C1-4A27-8378-B84A3A038D84}.Debug_Ubuntu|Mixed Platforms.ActiveCfg = Debug|Any CPU
		{16BDB15A-34C1-4A27-8378-B84A3A038D84}.Debug_Ubuntu|Mixed Platforms.Build.0 = Debug|Any CPU
		{16BDB15A-34C1-4A27-8378-B84A3A038D84}.Debug_Ubuntu|x64.ActiveCfg = Debug|Any CPU
		{16BDB15A-34C1-4A27-8378-B84A3A038D84}.Debug_Ubuntu|x86.ActiveCfg = Debug|Any CPU
		{16BDB15A-34C1-4A27-8378-B84A3A038D84}.Debug|Any CPU.ActiveCfg = Debug|Any CPU
		{16BDB15A-34C1-4A27-8378-B84A3A038D84}.Debug|Any CPU.Build.0 = Debug|Any CPU
		{16BDB15A-34C1-4A27-8378-B84A3A038D84}.Debug|Mixed Platforms.ActiveCfg = Debug|Any CPU
		{16BDB15A-34C1-4A27-8378-B84A3A038D84}.Debug|Mixed Platforms.Build.0 = Debug|Any CPU
		{16BDB15A-34C1-4A27-8378-B84A3A038D84}.Debug|x64.ActiveCfg = Debug|Any CPU
		{16BDB15A-34C1-4A27-8378-B84A3A038D84}.Debug|x86.ActiveCfg = Debug|Any CPU
		{16BDB15A-34C1-4A27-8378-B84A3A038D84}.Release_Ubuntu|Any CPU.ActiveCfg = Release|Any CPU
		{16BDB15A-34C1-4A27-8378-B84A3A038D84}.Release_Ubuntu|Any CPU.Build.0 = Release|Any CPU
		{16BDB15A-34C1-4A27-8378-B84A3A038D84}.Release_Ubuntu|Mixed Platforms.ActiveCfg = Release|Any CPU
		{16BDB15A-34C1-4A27-8378-B84A3A038D84}.Release_Ubuntu|Mixed Platforms.Build.0 = Release|Any CPU
		{16BDB15A-34C1-4A27-8378-B84A3A038D84}.Release_Ubuntu|x64.ActiveCfg = Release|Any CPU
		{16BDB15A-34C1-4A27-8378-B84A3A038D84}.Release_Ubuntu|x86.ActiveCfg = Release|Any CPU
		{16BDB15A-34C1-4A27-8378-B84A3A038D84}.Release|Any CPU.ActiveCfg = Release|Any CPU
		{16BDB15A-34C1-4A27-8378-B84A3A038D84}.Release|Any CPU.Build.0 = Release|Any CPU
		{16BDB15A-34C1-4A27-8378-B84A3A038D84}.Release|Mixed Platforms.ActiveCfg = Debug|Any CPU
		{16BDB15A-34C1-4A27-8378-B84A3A038D84}.Release|Mixed Platforms.Build.0 = Debug|Any CPU
		{16BDB15A-34C1-4A27-8378-B84A3A038D84}.Release|x64.ActiveCfg = Release|Any CPU
		{16BDB15A-34C1-4A27-8378-B84A3A038D84}.Release|x86.ActiveCfg = Release|Any CPU
		{A6C30720-8D6C-48CC-9EC4-38C907F7D4DA}.Debug_Ubuntu|Any CPU.ActiveCfg = Debug|x86
		{A6C30720-8D6C-48CC-9EC4-38C907F7D4DA}.Debug_Ubuntu|Mixed Platforms.ActiveCfg = Debug|x86
		{A6C30720-8D6C-48CC-9EC4-38C907F7D4DA}.Debug_Ubuntu|Mixed Platforms.Build.0 = Debug|x86
		{A6C30720-8D6C-48CC-9EC4-38C907F7D4DA}.Debug_Ubuntu|x64.ActiveCfg = Debug|x86
		{A6C30720-8D6C-48CC-9EC4-38C907F7D4DA}.Debug_Ubuntu|x86.ActiveCfg = Debug|x86
		{A6C30720-8D6C-48CC-9EC4-38C907F7D4DA}.Debug_Ubuntu|x86.Build.0 = Debug|x86
		{A6C30720-8D6C-48CC-9EC4-38C907F7D4DA}.Debug|Any CPU.ActiveCfg = Debug|x86
		{A6C30720-8D6C-48CC-9EC4-38C907F7D4DA}.Debug|Mixed Platforms.ActiveCfg = Debug|x86
		{A6C30720-8D6C-48CC-9EC4-38C907F7D4DA}.Debug|Mixed Platforms.Build.0 = Debug|x86
		{A6C30720-8D6C-48CC-9EC4-38C907F7D4DA}.Debug|x64.ActiveCfg = Debug|x86
		{A6C30720-8D6C-48CC-9EC4-38C907F7D4DA}.Debug|x86.ActiveCfg = Debug|x86
		{A6C30720-8D6C-48CC-9EC4-38C907F7D4DA}.Debug|x86.Build.0 = Debug|x86
		{A6C30720-8D6C-48CC-9EC4-38C907F7D4DA}.Release_Ubuntu|Any CPU.ActiveCfg = Release|x86
		{A6C30720-8D6C-48CC-9EC4-38C907F7D4DA}.Release_Ubuntu|Mixed Platforms.ActiveCfg = Release|x86
		{A6C30720-8D6C-48CC-9EC4-38C907F7D4DA}.Release_Ubuntu|Mixed Platforms.Build.0 = Release|x86
		{A6C30720-8D6C-48CC-9EC4-38C907F7D4DA}.Release_Ubuntu|x64.ActiveCfg = Release|x86
		{A6C30720-8D6C-48CC-9EC4-38C907F7D4DA}.Release_Ubuntu|x86.ActiveCfg = Release|x86
		{A6C30720-8D6C-48CC-9EC4-38C907F7D4DA}.Release_Ubuntu|x86.Build.0 = Release|x86
		{A6C30720-8D6C-48CC-9EC4-38C907F7D4DA}.Release|Any CPU.ActiveCfg = Release|x86
		{A6C30720-8D6C-48CC-9EC4-38C907F7D4DA}.Release|Mixed Platforms.ActiveCfg = Release|x86
		{A6C30720-8D6C-48CC-9EC4-38C907F7D4DA}.Release|Mixed Platforms.Build.0 = Release|x86
		{A6C30720-8D6C-48CC-9EC4-38C907F7D4DA}.Release|x64.ActiveCfg = Release|x86
		{A6C30720-8D6C-48CC-9EC4-38C907F7D4DA}.Release|x86.ActiveCfg = Release|x86
		{A6C30720-8D6C-48CC-9EC4-38C907F7D4DA}.Release|x86.Build.0 = Release|x86
		{C20AD704-821A-46F2-815E-459A64EE54A4}.Debug_Ubuntu|Any CPU.ActiveCfg = Debug|Any CPU
		{C20AD704-821A-46F2-815E-459A64EE54A4}.Debug_Ubuntu|Any CPU.Build.0 = Debug|Any CPU
		{C20AD704-821A-46F2-815E-459A64EE54A4}.Debug_Ubuntu|Mixed Platforms.ActiveCfg = Debug|Any CPU
		{C20AD704-821A-46F2-815E-459A64EE54A4}.Debug_Ubuntu|Mixed Platforms.Build.0 = Debug|Any CPU
		{C20AD704-821A-46F2-815E-459A64EE54A4}.Debug_Ubuntu|x64.ActiveCfg = Debug|Any CPU
		{C20AD704-821A-46F2-815E-459A64EE54A4}.Debug_Ubuntu|x86.ActiveCfg = Debug|Any CPU
		{C20AD704-821A-46F2-815E-459A64EE54A4}.Debug|Any CPU.ActiveCfg = Debug|Any CPU
		{C20AD704-821A-46F2-815E-459A64EE54A4}.Debug|Any CPU.Build.0 = Debug|Any CPU
		{C20AD704-821A-46F2-815E-459A64EE54A4}.Debug|Mixed Platforms.ActiveCfg = Debug|Any CPU
		{C20AD704-821A-46F2-815E-459A64EE54A4}.Debug|Mixed Platforms.Build.0 = Debug|Any CPU
		{C20AD704-821A-46F2-815E-459A64EE54A4}.Debug|x64.ActiveCfg = Debug|Any CPU
		{C20AD704-821A-46F2-815E-459A64EE54A4}.Debug|x86.ActiveCfg = Debug|Any CPU
		{C20AD704-821A-46F2-815E-459A64EE54A4}.Release_Ubuntu|Any CPU.ActiveCfg = Debug|Any CPU
		{C20AD704-821A-46F2-815E-459A64EE54A4}.Release_Ubuntu|Any CPU.Build.0 = Debug|Any CPU
		{C20AD704-821A-46F2-815E-459A64EE54A4}.Release_Ubuntu|Mixed Platforms.ActiveCfg = Debug|Any CPU
		{C20AD704-821A-46F2-815E-459A64EE54A4}.Release_Ubuntu|Mixed Platforms.Build.0 = Debug|Any CPU
		{C20AD704-821A-46F2-815E-459A64EE54A4}.Release_Ubuntu|x64.ActiveCfg = Debug|Any CPU
		{C20AD704-821A-46F2-815E-459A64EE54A4}.Release_Ubuntu|x86.ActiveCfg = Debug|Any CPU
		{C20AD704-821A-46F2-815E-459A64EE54A4}.Release|Any CPU.ActiveCfg = Debug|Any CPU
		{C20AD704-821A-46F2-815E-459A64EE54A4}.Release|Any CPU.Build.0 = Debug|Any CPU
		{C20AD704-821A-46F2-815E-459A64EE54A4}.Release|Mixed Platforms.ActiveCfg = Debug|Any CPU
		{C20AD704-821A-46F2-815E-459A64EE54A4}.Release|Mixed Platforms.Build.0 = Debug|Any CPU
		{C20AD704-821A-46F2-815E-459A64EE54A4}.Release|x64.ActiveCfg = Debug|Any CPU
		{C20AD704-821A-46F2-815E-459A64EE54A4}.Release|x86.ActiveCfg = Debug|Any CPU
		{6DF0378E-C979-4DEC-9023-FE43EAB35D1C}.Debug_Ubuntu|Any CPU.ActiveCfg = Debug|Any CPU
		{6DF0378E-C979-4DEC-9023-FE43EAB35D1C}.Debug_Ubuntu|Any CPU.Build.0 = Debug|Any CPU
		{6DF0378E-C979-4DEC-9023-FE43EAB35D1C}.Debug_Ubuntu|Mixed Platforms.ActiveCfg = Debug|Any CPU
		{6DF0378E-C979-4DEC-9023-FE43EAB35D1C}.Debug_Ubuntu|Mixed Platforms.Build.0 = Debug|Any CPU
		{6DF0378E-C979-4DEC-9023-FE43EAB35D1C}.Debug_Ubuntu|x64.ActiveCfg = Debug|Any CPU
		{6DF0378E-C979-4DEC-9023-FE43EAB35D1C}.Debug_Ubuntu|x86.ActiveCfg = Debug|Any CPU
		{6DF0378E-C979-4DEC-9023-FE43EAB35D1C}.Debug|Any CPU.ActiveCfg = Debug|Any CPU
		{6DF0378E-C979-4DEC-9023-FE43EAB35D1C}.Debug|Any CPU.Build.0 = Debug|Any CPU
		{6DF0378E-C979-4DEC-9023-FE43EAB35D1C}.Debug|Mixed Platforms.ActiveCfg = Debug|Any CPU
		{6DF0378E-C979-4DEC-9023-FE43EAB35D1C}.Debug|Mixed Platforms.Build.0 = Debug|Any CPU
		{6DF0378E-C979-4DEC-9023-FE43EAB35D1C}.Debug|x64.ActiveCfg = Debug|Any CPU
		{6DF0378E-C979-4DEC-9023-FE43EAB35D1C}.Debug|x86.ActiveCfg = Debug|Any CPU
		{6DF0378E-C979-4DEC-9023-FE43EAB35D1C}.Release_Ubuntu|Any CPU.ActiveCfg = Debug|Any CPU
		{6DF0378E-C979-4DEC-9023-FE43EAB35D1C}.Release_Ubuntu|Any CPU.Build.0 = Debug|Any CPU
		{6DF0378E-C979-4DEC-9023-FE43EAB35D1C}.Release_Ubuntu|Mixed Platforms.ActiveCfg = Debug|Any CPU
		{6DF0378E-C979-4DEC-9023-FE43EAB35D1C}.Release_Ubuntu|Mixed Platforms.Build.0 = Debug|Any CPU
		{6DF0378E-C979-4DEC-9023-FE43EAB35D1C}.Release_Ubuntu|x64.ActiveCfg = Debug|Any CPU
		{6DF0378E-C979-4DEC-9023-FE43EAB35D1C}.Release_Ubuntu|x86.ActiveCfg = Debug|Any CPU
		{6DF0378E-C979-4DEC-9023-FE43EAB35D1C}.Release|Any CPU.ActiveCfg = Debug|Any CPU
		{6DF0378E-C979-4DEC-9023-FE43EAB35D1C}.Release|Any CPU.Build.0 = Debug|Any CPU
		{6DF0378E-C979-4DEC-9023-FE43EAB35D1C}.Release|Mixed Platforms.ActiveCfg = Debug|Any CPU
		{6DF0378E-C979-4DEC-9023-FE43EAB35D1C}.Release|Mixed Platforms.Build.0 = Debug|Any CPU
		{6DF0378E-C979-4DEC-9023-FE43EAB35D1C}.Release|x64.ActiveCfg = Debug|Any CPU
		{6DF0378E-C979-4DEC-9023-FE43EAB35D1C}.Release|x86.ActiveCfg = Debug|Any CPU
		{A55708A0-4D57-44C4-A2C9-D9584431FC33}.Debug_Ubuntu|Any CPU.ActiveCfg = Debug|x86
		{A55708A0-4D57-44C4-A2C9-D9584431FC33}.Debug_Ubuntu|Mixed Platforms.ActiveCfg = Debug|x86
		{A55708A0-4D57-44C4-A2C9-D9584431FC33}.Debug_Ubuntu|Mixed Platforms.Build.0 = Debug|x86
		{A55708A0-4D57-44C4-A2C9-D9584431FC33}.Debug_Ubuntu|x64.ActiveCfg = Debug|x86
		{A55708A0-4D57-44C4-A2C9-D9584431FC33}.Debug_Ubuntu|x86.ActiveCfg = Debug|x86
		{A55708A0-4D57-44C4-A2C9-D9584431FC33}.Debug_Ubuntu|x86.Build.0 = Debug|x86
		{A55708A0-4D57-44C4-A2C9-D9584431FC33}.Debug|Any CPU.ActiveCfg = Debug|x86
		{A55708A0-4D57-44C4-A2C9-D9584431FC33}.Debug|Mixed Platforms.ActiveCfg = Debug|x86
		{A55708A0-4D57-44C4-A2C9-D9584431FC33}.Debug|Mixed Platforms.Build.0 = Debug|x86
		{A55708A0-4D57-44C4-A2C9-D9584431FC33}.Debug|x64.ActiveCfg = Debug|x86
		{A55708A0-4D57-44C4-A2C9-D9584431FC33}.Debug|x86.ActiveCfg = Debug|x86
		{A55708A0-4D57-44C4-A2C9-D9584431FC33}.Debug|x86.Build.0 = Debug|x86
		{A55708A0-4D57-44C4-A2C9-D9584431FC33}.Release_Ubuntu|Any CPU.ActiveCfg = Release|x86
		{A55708A0-4D57-44C4-A2C9-D9584431FC33}.Release_Ubuntu|Mixed Platforms.ActiveCfg = Release|x86
		{A55708A0-4D57-44C4-A2C9-D9584431FC33}.Release_Ubuntu|Mixed Platforms.Build.0 = Release|x86
		{A55708A0-4D57-44C4-A2C9-D9584431FC33}.Release_Ubuntu|x64.ActiveCfg = Release|x86
		{A55708A0-4D57-44C4-A2C9-D9584431FC33}.Release_Ubuntu|x86.ActiveCfg = Release|x86
		{A55708A0-4D57-44C4-A2C9-D9584431FC33}.Release_Ubuntu|x86.Build.0 = Release|x86
		{A55708A0-4D57-44C4-A2C9-D9584431FC33}.Release|Any CPU.ActiveCfg = Release|x86
		{A55708A0-4D57-44C4-A2C9-D9584431FC33}.Release|Mixed Platforms.ActiveCfg = Release|x86
		{A55708A0-4D57-44C4-A2C9-D9584431FC33}.Release|Mixed Platforms.Build.0 = Release|x86
		{A55708A0-4D57-44C4-A2C9-D9584431FC33}.Release|x64.ActiveCfg = Release|x86
		{A55708A0-4D57-44C4-A2C9-D9584431FC33}.Release|x86.ActiveCfg = Release|x86
		{A55708A0-4D57-44C4-A2C9-D9584431FC33}.Release|x86.Build.0 = Release|x86
		{DFB3EC19-A868-491D-9081-9DB04B209785}.Debug_Ubuntu|Any CPU.ActiveCfg = Debug|x86
		{DFB3EC19-A868-491D-9081-9DB04B209785}.Debug_Ubuntu|Mixed Platforms.ActiveCfg = Debug|x86
		{DFB3EC19-A868-491D-9081-9DB04B209785}.Debug_Ubuntu|Mixed Platforms.Build.0 = Debug|x86
		{DFB3EC19-A868-491D-9081-9DB04B209785}.Debug_Ubuntu|x64.ActiveCfg = Debug|x86
		{DFB3EC19-A868-491D-9081-9DB04B209785}.Debug_Ubuntu|x86.ActiveCfg = Debug|x86
		{DFB3EC19-A868-491D-9081-9DB04B209785}.Debug_Ubuntu|x86.Build.0 = Debug|x86
		{DFB3EC19-A868-491D-9081-9DB04B209785}.Debug|Any CPU.ActiveCfg = Debug|x86
		{DFB3EC19-A868-491D-9081-9DB04B209785}.Debug|Mixed Platforms.ActiveCfg = Debug|x86
		{DFB3EC19-A868-491D-9081-9DB04B209785}.Debug|Mixed Platforms.Build.0 = Debug|x86
		{DFB3EC19-A868-491D-9081-9DB04B209785}.Debug|x64.ActiveCfg = Debug|x86
		{DFB3EC19-A868-491D-9081-9DB04B209785}.Debug|x86.ActiveCfg = Debug|x86
		{DFB3EC19-A868-491D-9081-9DB04B209785}.Debug|x86.Build.0 = Debug|x86
		{DFB3EC19-A868-491D-9081-9DB04B209785}.Release_Ubuntu|Any CPU.ActiveCfg = Release|x86
		{DFB3EC19-A868-491D-9081-9DB04B209785}.Release_Ubuntu|Mixed Platforms.ActiveCfg = Release|x86
		{DFB3EC19-A868-491D-9081-9DB04B209785}.Release_Ubuntu|Mixed Platforms.Build.0 = Release|x86
		{DFB3EC19-A868-491D-9081-9DB04B209785}.Release_Ubuntu|x64.ActiveCfg = Release|x86
		{DFB3EC19-A868-491D-9081-9DB04B209785}.Release_Ubuntu|x86.ActiveCfg = Release|x86
		{DFB3EC19-A868-491D-9081-9DB04B209785}.Release_Ubuntu|x86.Build.0 = Release|x86
		{DFB3EC19-A868-491D-9081-9DB04B209785}.Release|Any CPU.ActiveCfg = Release|x86
		{DFB3EC19-A868-491D-9081-9DB04B209785}.Release|Mixed Platforms.ActiveCfg = Debug|x86
		{DFB3EC19-A868-491D-9081-9DB04B209785}.Release|Mixed Platforms.Build.0 = Debug|x86
		{DFB3EC19-A868-491D-9081-9DB04B209785}.Release|x64.ActiveCfg = Release|x86
		{DFB3EC19-A868-491D-9081-9DB04B209785}.Release|x86.ActiveCfg = Release|x86
		{DFB3EC19-A868-491D-9081-9DB04B209785}.Release|x86.Build.0 = Release|x86
		{3C70AD17-C367-488A-A23D-A8551A819AF5}.Debug_Ubuntu|Any CPU.ActiveCfg = Debug|x86
		{3C70AD17-C367-488A-A23D-A8551A819AF5}.Debug_Ubuntu|Mixed Platforms.ActiveCfg = Debug|x86
		{3C70AD17-C367-488A-A23D-A8551A819AF5}.Debug_Ubuntu|Mixed Platforms.Build.0 = Debug|x86
		{3C70AD17-C367-488A-A23D-A8551A819AF5}.Debug_Ubuntu|x64.ActiveCfg = Debug|x86
		{3C70AD17-C367-488A-A23D-A8551A819AF5}.Debug_Ubuntu|x86.ActiveCfg = Debug|x86
		{3C70AD17-C367-488A-A23D-A8551A819AF5}.Debug_Ubuntu|x86.Build.0 = Debug|x86
		{3C70AD17-C367-488A-A23D-A8551A819AF5}.Debug|Any CPU.ActiveCfg = Debug|x86
		{3C70AD17-C367-488A-A23D-A8551A819AF5}.Debug|Mixed Platforms.ActiveCfg = Debug|x86
		{3C70AD17-C367-488A-A23D-A8551A819AF5}.Debug|Mixed Platforms.Build.0 = Debug|x86
		{3C70AD17-C367-488A-A23D-A8551A819AF5}.Debug|x64.ActiveCfg = Debug|x86
		{3C70AD17-C367-488A-A23D-A8551A819AF5}.Debug|x86.ActiveCfg = Debug|x86
		{3C70AD17-C367-488A-A23D-A8551A819AF5}.Debug|x86.Build.0 = Debug|x86
		{3C70AD17-C367-488A-A23D-A8551A819AF5}.Release_Ubuntu|Any CPU.ActiveCfg = Release|x86
		{3C70AD17-C367-488A-A23D-A8551A819AF5}.Release_Ubuntu|Mixed Platforms.ActiveCfg = Release|x86
		{3C70AD17-C367-488A-A23D-A8551A819AF5}.Release_Ubuntu|Mixed Platforms.Build.0 = Release|x86
		{3C70AD17-C367-488A-A23D-A8551A819AF5}.Release_Ubuntu|x64.ActiveCfg = Release|x86
		{3C70AD17-C367-488A-A23D-A8551A819AF5}.Release_Ubuntu|x86.ActiveCfg = Release|x86
		{3C70AD17-C367-488A-A23D-A8551A819AF5}.Release_Ubuntu|x86.Build.0 = Release|x86
		{3C70AD17-C367-488A-A23D-A8551A819AF5}.Release|Any CPU.ActiveCfg = Release|x86
		{3C70AD17-C367-488A-A23D-A8551A819AF5}.Release|Mixed Platforms.ActiveCfg = Release|x86
		{3C70AD17-C367-488A-A23D-A8551A819AF5}.Release|Mixed Platforms.Build.0 = Release|x86
		{3C70AD17-C367-488A-A23D-A8551A819AF5}.Release|x64.ActiveCfg = Release|x86
		{3C70AD17-C367-488A-A23D-A8551A819AF5}.Release|x86.ActiveCfg = Release|x86
		{3C70AD17-C367-488A-A23D-A8551A819AF5}.Release|x86.Build.0 = Release|x86
		{80EBA657-722D-4DC6-AB74-F127FD20DC1D}.Debug_Ubuntu|Any CPU.ActiveCfg = Debug|Any CPU
		{80EBA657-722D-4DC6-AB74-F127FD20DC1D}.Debug_Ubuntu|Any CPU.Build.0 = Debug|Any CPU
		{80EBA657-722D-4DC6-AB74-F127FD20DC1D}.Debug_Ubuntu|Mixed Platforms.ActiveCfg = Debug|Any CPU
		{80EBA657-722D-4DC6-AB74-F127FD20DC1D}.Debug_Ubuntu|Mixed Platforms.Build.0 = Debug|Any CPU
		{80EBA657-722D-4DC6-AB74-F127FD20DC1D}.Debug_Ubuntu|x64.ActiveCfg = Debug|Any CPU
		{80EBA657-722D-4DC6-AB74-F127FD20DC1D}.Debug_Ubuntu|x86.ActiveCfg = Debug|Any CPU
		{80EBA657-722D-4DC6-AB74-F127FD20DC1D}.Debug|Any CPU.ActiveCfg = Debug|Any CPU
		{80EBA657-722D-4DC6-AB74-F127FD20DC1D}.Debug|Any CPU.Build.0 = Debug|Any CPU
		{80EBA657-722D-4DC6-AB74-F127FD20DC1D}.Debug|Mixed Platforms.ActiveCfg = Debug|Any CPU
		{80EBA657-722D-4DC6-AB74-F127FD20DC1D}.Debug|Mixed Platforms.Build.0 = Debug|Any CPU
		{80EBA657-722D-4DC6-AB74-F127FD20DC1D}.Debug|x64.ActiveCfg = Debug|Any CPU
		{80EBA657-722D-4DC6-AB74-F127FD20DC1D}.Debug|x86.ActiveCfg = Debug|Any CPU
		{80EBA657-722D-4DC6-AB74-F127FD20DC1D}.Release_Ubuntu|Any CPU.ActiveCfg = Release|Any CPU
		{80EBA657-722D-4DC6-AB74-F127FD20DC1D}.Release_Ubuntu|Any CPU.Build.0 = Release|Any CPU
		{80EBA657-722D-4DC6-AB74-F127FD20DC1D}.Release_Ubuntu|Mixed Platforms.ActiveCfg = Release|Any CPU
		{80EBA657-722D-4DC6-AB74-F127FD20DC1D}.Release_Ubuntu|Mixed Platforms.Build.0 = Release|Any CPU
		{80EBA657-722D-4DC6-AB74-F127FD20DC1D}.Release_Ubuntu|x64.ActiveCfg = Release|Any CPU
		{80EBA657-722D-4DC6-AB74-F127FD20DC1D}.Release_Ubuntu|x86.ActiveCfg = Release|Any CPU
		{80EBA657-722D-4DC6-AB74-F127FD20DC1D}.Release|Any CPU.ActiveCfg = Release|Any CPU
		{80EBA657-722D-4DC6-AB74-F127FD20DC1D}.Release|Any CPU.Build.0 = Release|Any CPU
		{80EBA657-722D-4DC6-AB74-F127FD20DC1D}.Release|Mixed Platforms.ActiveCfg = Release|Any CPU
		{80EBA657-722D-4DC6-AB74-F127FD20DC1D}.Release|Mixed Platforms.Build.0 = Release|Any CPU
		{80EBA657-722D-4DC6-AB74-F127FD20DC1D}.Release|x64.ActiveCfg = Release|Any CPU
		{80EBA657-722D-4DC6-AB74-F127FD20DC1D}.Release|x86.ActiveCfg = Release|Any CPU
		{B3BD0613-828A-4DE0-B7E8-0A436A65C428}.Debug_Ubuntu|Any CPU.ActiveCfg = Debug|Any CPU
		{B3BD0613-828A-4DE0-B7E8-0A436A65C428}.Debug_Ubuntu|Any CPU.Build.0 = Debug|Any CPU
		{B3BD0613-828A-4DE0-B7E8-0A436A65C428}.Debug_Ubuntu|Mixed Platforms.ActiveCfg = Debug|Any CPU
		{B3BD0613-828A-4DE0-B7E8-0A436A65C428}.Debug_Ubuntu|Mixed Platforms.Build.0 = Debug|Any CPU
		{B3BD0613-828A-4DE0-B7E8-0A436A65C428}.Debug_Ubuntu|x64.ActiveCfg = Debug|Any CPU
		{B3BD0613-828A-4DE0-B7E8-0A436A65C428}.Debug_Ubuntu|x86.ActiveCfg = Debug|Any CPU
		{B3BD0613-828A-4DE0-B7E8-0A436A65C428}.Debug|Any CPU.ActiveCfg = Debug|Any CPU
		{B3BD0613-828A-4DE0-B7E8-0A436A65C428}.Debug|Any CPU.Build.0 = Debug|Any CPU
		{B3BD0613-828A-4DE0-B7E8-0A436A65C428}.Debug|Mixed Platforms.ActiveCfg = Debug|Any CPU
		{B3BD0613-828A-4DE0-B7E8-0A436A65C428}.Debug|Mixed Platforms.Build.0 = Debug|Any CPU
		{B3BD0613-828A-4DE0-B7E8-0A436A65C428}.Debug|x64.ActiveCfg = Debug|Any CPU
		{B3BD0613-828A-4DE0-B7E8-0A436A65C428}.Debug|x86.ActiveCfg = Debug|Any CPU
		{B3BD0613-828A-4DE0-B7E8-0A436A65C428}.Release_Ubuntu|Any CPU.ActiveCfg = Debug|Any CPU
		{B3BD0613-828A-4DE0-B7E8-0A436A65C428}.Release_Ubuntu|Any CPU.Build.0 = Debug|Any CPU
		{B3BD0613-828A-4DE0-B7E8-0A436A65C428}.Release_Ubuntu|Mixed Platforms.ActiveCfg = Debug|Any CPU
		{B3BD0613-828A-4DE0-B7E8-0A436A65C428}.Release_Ubuntu|Mixed Platforms.Build.0 = Debug|Any CPU
		{B3BD0613-828A-4DE0-B7E8-0A436A65C428}.Release_Ubuntu|x64.ActiveCfg = Debug|Any CPU
		{B3BD0613-828A-4DE0-B7E8-0A436A65C428}.Release_Ubuntu|x86.ActiveCfg = Debug|Any CPU
		{B3BD0613-828A-4DE0-B7E8-0A436A65C428}.Release|Any CPU.ActiveCfg = Debug|Any CPU
		{B3BD0613-828A-4DE0-B7E8-0A436A65C428}.Release|Any CPU.Build.0 = Debug|Any CPU
		{B3BD0613-828A-4DE0-B7E8-0A436A65C428}.Release|Mixed Platforms.ActiveCfg = Debug|Any CPU
		{B3BD0613-828A-4DE0-B7E8-0A436A65C428}.Release|Mixed Platforms.Build.0 = Debug|Any CPU
		{B3BD0613-828A-4DE0-B7E8-0A436A65C428}.Release|x64.ActiveCfg = Debug|Any CPU
		{B3BD0613-828A-4DE0-B7E8-0A436A65C428}.Release|x86.ActiveCfg = Debug|Any CPU
		{0E47161A-D956-424A-8FD7-469B1207BBA1}.Debug_Ubuntu|Any CPU.ActiveCfg = Debug|Any CPU
		{0E47161A-D956-424A-8FD7-469B1207BBA1}.Debug_Ubuntu|Any CPU.Build.0 = Debug|Any CPU
		{0E47161A-D956-424A-8FD7-469B1207BBA1}.Debug_Ubuntu|Mixed Platforms.ActiveCfg = Debug|Any CPU
		{0E47161A-D956-424A-8FD7-469B1207BBA1}.Debug_Ubuntu|Mixed Platforms.Build.0 = Debug|Any CPU
		{0E47161A-D956-424A-8FD7-469B1207BBA1}.Debug_Ubuntu|x64.ActiveCfg = Debug|Any CPU
		{0E47161A-D956-424A-8FD7-469B1207BBA1}.Debug_Ubuntu|x86.ActiveCfg = Debug|Any CPU
		{0E47161A-D956-424A-8FD7-469B1207BBA1}.Debug|Any CPU.ActiveCfg = Debug|Any CPU
		{0E47161A-D956-424A-8FD7-469B1207BBA1}.Debug|Any CPU.Build.0 = Debug|Any CPU
		{0E47161A-D956-424A-8FD7-469B1207BBA1}.Debug|Mixed Platforms.ActiveCfg = Debug|Any CPU
		{0E47161A-D956-424A-8FD7-469B1207BBA1}.Debug|Mixed Platforms.Build.0 = Debug|Any CPU
		{0E47161A-D956-424A-8FD7-469B1207BBA1}.Debug|x64.ActiveCfg = Debug|Any CPU
		{0E47161A-D956-424A-8FD7-469B1207BBA1}.Debug|x86.ActiveCfg = Debug|Any CPU
		{0E47161A-D956-424A-8FD7-469B1207BBA1}.Release_Ubuntu|Any CPU.ActiveCfg = Debug|Any CPU
		{0E47161A-D956-424A-8FD7-469B1207BBA1}.Release_Ubuntu|Any CPU.Build.0 = Debug|Any CPU
		{0E47161A-D956-424A-8FD7-469B1207BBA1}.Release_Ubuntu|Mixed Platforms.ActiveCfg = Debug|Any CPU
		{0E47161A-D956-424A-8FD7-469B1207BBA1}.Release_Ubuntu|Mixed Platforms.Build.0 = Debug|Any CPU
		{0E47161A-D956-424A-8FD7-469B1207BBA1}.Release_Ubuntu|x64.ActiveCfg = Debug|Any CPU
		{0E47161A-D956-424A-8FD7-469B1207BBA1}.Release_Ubuntu|x86.ActiveCfg = Debug|Any CPU
		{0E47161A-D956-424A-8FD7-469B1207BBA1}.Release|Any CPU.ActiveCfg = Debug|Any CPU
		{0E47161A-D956-424A-8FD7-469B1207BBA1}.Release|Any CPU.Build.0 = Debug|Any CPU
		{0E47161A-D956-424A-8FD7-469B1207BBA1}.Release|Mixed Platforms.ActiveCfg = Debug|Any CPU
		{0E47161A-D956-424A-8FD7-469B1207BBA1}.Release|Mixed Platforms.Build.0 = Debug|Any CPU
		{0E47161A-D956-424A-8FD7-469B1207BBA1}.Release|x64.ActiveCfg = Debug|Any CPU
		{0E47161A-D956-424A-8FD7-469B1207BBA1}.Release|x86.ActiveCfg = Debug|Any CPU
		{5AA9C264-5C3D-4F5E-B522-8292A8A70BD5}.Debug_Ubuntu|Any CPU.ActiveCfg = Debug|Any CPU
		{5AA9C264-5C3D-4F5E-B522-8292A8A70BD5}.Debug_Ubuntu|Any CPU.Build.0 = Debug|Any CPU
		{5AA9C264-5C3D-4F5E-B522-8292A8A70BD5}.Debug_Ubuntu|Mixed Platforms.ActiveCfg = Debug|Any CPU
		{5AA9C264-5C3D-4F5E-B522-8292A8A70BD5}.Debug_Ubuntu|Mixed Platforms.Build.0 = Debug|Any CPU
		{5AA9C264-5C3D-4F5E-B522-8292A8A70BD5}.Debug_Ubuntu|x64.ActiveCfg = Debug|Any CPU
		{5AA9C264-5C3D-4F5E-B522-8292A8A70BD5}.Debug_Ubuntu|x64.Build.0 = Debug|Any CPU
		{5AA9C264-5C3D-4F5E-B522-8292A8A70BD5}.Debug_Ubuntu|x86.ActiveCfg = Debug|Any CPU
		{5AA9C264-5C3D-4F5E-B522-8292A8A70BD5}.Debug_Ubuntu|x86.Build.0 = Debug|Any CPU
		{5AA9C264-5C3D-4F5E-B522-8292A8A70BD5}.Debug|Any CPU.ActiveCfg = Debug|Any CPU
		{5AA9C264-5C3D-4F5E-B522-8292A8A70BD5}.Debug|Any CPU.Build.0 = Debug|Any CPU
		{5AA9C264-5C3D-4F5E-B522-8292A8A70BD5}.Debug|Mixed Platforms.ActiveCfg = Debug|Any CPU
		{5AA9C264-5C3D-4F5E-B522-8292A8A70BD5}.Debug|Mixed Platforms.Build.0 = Debug|Any CPU
		{5AA9C264-5C3D-4F5E-B522-8292A8A70BD5}.Debug|x64.ActiveCfg = Debug|Any CPU
		{5AA9C264-5C3D-4F5E-B522-8292A8A70BD5}.Debug|x64.Build.0 = Debug|Any CPU
		{5AA9C264-5C3D-4F5E-B522-8292A8A70BD5}.Debug|x86.ActiveCfg = Debug|Any CPU
		{5AA9C264-5C3D-4F5E-B522-8292A8A70BD5}.Debug|x86.Build.0 = Debug|Any CPU
		{5AA9C264-5C3D-4F5E-B522-8292A8A70BD5}.Release_Ubuntu|Any CPU.ActiveCfg = Debug|Any CPU
		{5AA9C264-5C3D-4F5E-B522-8292A8A70BD5}.Release_Ubuntu|Any CPU.Build.0 = Debug|Any CPU
		{5AA9C264-5C3D-4F5E-B522-8292A8A70BD5}.Release_Ubuntu|Mixed Platforms.ActiveCfg = Debug|Any CPU
		{5AA9C264-5C3D-4F5E-B522-8292A8A70BD5}.Release_Ubuntu|Mixed Platforms.Build.0 = Debug|Any CPU
		{5AA9C264-5C3D-4F5E-B522-8292A8A70BD5}.Release_Ubuntu|x64.ActiveCfg = Debug|Any CPU
		{5AA9C264-5C3D-4F5E-B522-8292A8A70BD5}.Release_Ubuntu|x64.Build.0 = Debug|Any CPU
		{5AA9C264-5C3D-4F5E-B522-8292A8A70BD5}.Release_Ubuntu|x86.ActiveCfg = Debug|Any CPU
		{5AA9C264-5C3D-4F5E-B522-8292A8A70BD5}.Release_Ubuntu|x86.Build.0 = Debug|Any CPU
		{5AA9C264-5C3D-4F5E-B522-8292A8A70BD5}.Release|Any CPU.ActiveCfg = Debug|Any CPU
		{5AA9C264-5C3D-4F5E-B522-8292A8A70BD5}.Release|Any CPU.Build.0 = Debug|Any CPU
		{5AA9C264-5C3D-4F5E-B522-8292A8A70BD5}.Release|Mixed Platforms.ActiveCfg = Debug|Any CPU
		{5AA9C264-5C3D-4F5E-B522-8292A8A70BD5}.Release|Mixed Platforms.Build.0 = Debug|Any CPU
		{5AA9C264-5C3D-4F5E-B522-8292A8A70BD5}.Release|x64.ActiveCfg = Debug|Any CPU
		{5AA9C264-5C3D-4F5E-B522-8292A8A70BD5}.Release|x64.Build.0 = Debug|Any CPU
		{5AA9C264-5C3D-4F5E-B522-8292A8A70BD5}.Release|x86.ActiveCfg = Debug|Any CPU
		{5AA9C264-5C3D-4F5E-B522-8292A8A70BD5}.Release|x86.Build.0 = Debug|Any CPU
		{D84F8891-CE6E-44B3-83CA-87325D1F2BC4}.Debug_Ubuntu|Any CPU.ActiveCfg = Debug|Any CPU
		{D84F8891-CE6E-44B3-83CA-87325D1F2BC4}.Debug_Ubuntu|Any CPU.Build.0 = Debug|Any CPU
		{D84F8891-CE6E-44B3-83CA-87325D1F2BC4}.Debug_Ubuntu|Mixed Platforms.ActiveCfg = Debug|Any CPU
		{D84F8891-CE6E-44B3-83CA-87325D1F2BC4}.Debug_Ubuntu|Mixed Platforms.Build.0 = Debug|Any CPU
		{D84F8891-CE6E-44B3-83CA-87325D1F2BC4}.Debug_Ubuntu|x64.ActiveCfg = Debug|Any CPU
		{D84F8891-CE6E-44B3-83CA-87325D1F2BC4}.Debug_Ubuntu|x64.Build.0 = Debug|Any CPU
		{D84F8891-CE6E-44B3-83CA-87325D1F2BC4}.Debug_Ubuntu|x86.ActiveCfg = Debug|Any CPU
		{D84F8891-CE6E-44B3-83CA-87325D1F2BC4}.Debug_Ubuntu|x86.Build.0 = Debug|Any CPU
		{D84F8891-CE6E-44B3-83CA-87325D1F2BC4}.Debug|Any CPU.ActiveCfg = Debug|Any CPU
		{D84F8891-CE6E-44B3-83CA-87325D1F2BC4}.Debug|Any CPU.Build.0 = Debug|Any CPU
		{D84F8891-CE6E-44B3-83CA-87325D1F2BC4}.Debug|Mixed Platforms.ActiveCfg = Debug|Any CPU
		{D84F8891-CE6E-44B3-83CA-87325D1F2BC4}.Debug|Mixed Platforms.Build.0 = Debug|Any CPU
		{D84F8891-CE6E-44B3-83CA-87325D1F2BC4}.Debug|x64.ActiveCfg = Debug|Any CPU
		{D84F8891-CE6E-44B3-83CA-87325D1F2BC4}.Debug|x64.Build.0 = Debug|Any CPU
		{D84F8891-CE6E-44B3-83CA-87325D1F2BC4}.Debug|x86.ActiveCfg = Debug|Any CPU
		{D84F8891-CE6E-44B3-83CA-87325D1F2BC4}.Debug|x86.Build.0 = Debug|Any CPU
		{D84F8891-CE6E-44B3-83CA-87325D1F2BC4}.Release_Ubuntu|Any CPU.ActiveCfg = Release|Any CPU
		{D84F8891-CE6E-44B3-83CA-87325D1F2BC4}.Release_Ubuntu|Any CPU.Build.0 = Release|Any CPU
		{D84F8891-CE6E-44B3-83CA-87325D1F2BC4}.Release_Ubuntu|Mixed Platforms.ActiveCfg = Release|Any CPU
		{D84F8891-CE6E-44B3-83CA-87325D1F2BC4}.Release_Ubuntu|Mixed Platforms.Build.0 = Release|Any CPU
		{D84F8891-CE6E-44B3-83CA-87325D1F2BC4}.Release_Ubuntu|x64.ActiveCfg = Release|Any CPU
		{D84F8891-CE6E-44B3-83CA-87325D1F2BC4}.Release_Ubuntu|x64.Build.0 = Release|Any CPU
		{D84F8891-CE6E-44B3-83CA-87325D1F2BC4}.Release_Ubuntu|x86.ActiveCfg = Release|Any CPU
		{D84F8891-CE6E-44B3-83CA-87325D1F2BC4}.Release_Ubuntu|x86.Build.0 = Release|Any CPU
		{D84F8891-CE6E-44B3-83CA-87325D1F2BC4}.Release|Any CPU.ActiveCfg = Release|Any CPU
		{D84F8891-CE6E-44B3-83CA-87325D1F2BC4}.Release|Any CPU.Build.0 = Release|Any CPU
		{D84F8891-CE6E-44B3-83CA-87325D1F2BC4}.Release|Mixed Platforms.ActiveCfg = Release|Any CPU
		{D84F8891-CE6E-44B3-83CA-87325D1F2BC4}.Release|Mixed Platforms.Build.0 = Release|Any CPU
		{D84F8891-CE6E-44B3-83CA-87325D1F2BC4}.Release|x64.ActiveCfg = Release|Any CPU
		{D84F8891-CE6E-44B3-83CA-87325D1F2BC4}.Release|x64.Build.0 = Release|Any CPU
		{D84F8891-CE6E-44B3-83CA-87325D1F2BC4}.Release|x86.ActiveCfg = Release|Any CPU
		{D84F8891-CE6E-44B3-83CA-87325D1F2BC4}.Release|x86.Build.0 = Release|Any CPU
		{76FBF776-3F46-4C34-9FDB-C77D16762F06}.Debug_Ubuntu|Any CPU.ActiveCfg = Debug|Any CPU
		{76FBF776-3F46-4C34-9FDB-C77D16762F06}.Debug_Ubuntu|Any CPU.Build.0 = Debug|Any CPU
		{76FBF776-3F46-4C34-9FDB-C77D16762F06}.Debug_Ubuntu|Mixed Platforms.ActiveCfg = Debug|Any CPU
		{76FBF776-3F46-4C34-9FDB-C77D16762F06}.Debug_Ubuntu|Mixed Platforms.Build.0 = Debug|Any CPU
		{76FBF776-3F46-4C34-9FDB-C77D16762F06}.Debug_Ubuntu|x64.ActiveCfg = Debug|Any CPU
		{76FBF776-3F46-4C34-9FDB-C77D16762F06}.Debug_Ubuntu|x64.Build.0 = Debug|Any CPU
		{76FBF776-3F46-4C34-9FDB-C77D16762F06}.Debug_Ubuntu|x86.ActiveCfg = Debug|Any CPU
		{76FBF776-3F46-4C34-9FDB-C77D16762F06}.Debug_Ubuntu|x86.Build.0 = Debug|Any CPU
		{76FBF776-3F46-4C34-9FDB-C77D16762F06}.Debug|Any CPU.ActiveCfg = Debug|Any CPU
		{76FBF776-3F46-4C34-9FDB-C77D16762F06}.Debug|Any CPU.Build.0 = Debug|Any CPU
		{76FBF776-3F46-4C34-9FDB-C77D16762F06}.Debug|Mixed Platforms.ActiveCfg = Debug|Any CPU
		{76FBF776-3F46-4C34-9FDB-C77D16762F06}.Debug|Mixed Platforms.Build.0 = Debug|Any CPU
		{76FBF776-3F46-4C34-9FDB-C77D16762F06}.Debug|x64.ActiveCfg = Debug|Any CPU
		{76FBF776-3F46-4C34-9FDB-C77D16762F06}.Debug|x64.Build.0 = Debug|Any CPU
		{76FBF776-3F46-4C34-9FDB-C77D16762F06}.Debug|x86.ActiveCfg = Debug|Any CPU
		{76FBF776-3F46-4C34-9FDB-C77D16762F06}.Debug|x86.Build.0 = Debug|Any CPU
		{76FBF776-3F46-4C34-9FDB-C77D16762F06}.Release_Ubuntu|Any CPU.ActiveCfg = Debug|Any CPU
		{76FBF776-3F46-4C34-9FDB-C77D16762F06}.Release_Ubuntu|Any CPU.Build.0 = Debug|Any CPU
		{76FBF776-3F46-4C34-9FDB-C77D16762F06}.Release_Ubuntu|Mixed Platforms.ActiveCfg = Debug|Any CPU
		{76FBF776-3F46-4C34-9FDB-C77D16762F06}.Release_Ubuntu|Mixed Platforms.Build.0 = Debug|Any CPU
		{76FBF776-3F46-4C34-9FDB-C77D16762F06}.Release_Ubuntu|x64.ActiveCfg = Debug|Any CPU
		{76FBF776-3F46-4C34-9FDB-C77D16762F06}.Release_Ubuntu|x64.Build.0 = Debug|Any CPU
		{76FBF776-3F46-4C34-9FDB-C77D16762F06}.Release_Ubuntu|x86.ActiveCfg = Debug|Any CPU
		{76FBF776-3F46-4C34-9FDB-C77D16762F06}.Release_Ubuntu|x86.Build.0 = Debug|Any CPU
		{76FBF776-3F46-4C34-9FDB-C77D16762F06}.Release|Any CPU.ActiveCfg = Debug|Any CPU
		{76FBF776-3F46-4C34-9FDB-C77D16762F06}.Release|Any CPU.Build.0 = Debug|Any CPU
		{76FBF776-3F46-4C34-9FDB-C77D16762F06}.Release|Mixed Platforms.ActiveCfg = Debug|Any CPU
		{76FBF776-3F46-4C34-9FDB-C77D16762F06}.Release|Mixed Platforms.Build.0 = Debug|Any CPU
		{76FBF776-3F46-4C34-9FDB-C77D16762F06}.Release|x64.ActiveCfg = Debug|Any CPU
		{76FBF776-3F46-4C34-9FDB-C77D16762F06}.Release|x64.Build.0 = Debug|Any CPU
		{76FBF776-3F46-4C34-9FDB-C77D16762F06}.Release|x86.ActiveCfg = Debug|Any CPU
		{76FBF776-3F46-4C34-9FDB-C77D16762F06}.Release|x86.Build.0 = Debug|Any CPU
		{504504BF-1D63-4AD8-A870-E50895BE7155}.Debug_Ubuntu|Any CPU.ActiveCfg = Debug|Any CPU
		{504504BF-1D63-4AD8-A870-E50895BE7155}.Debug_Ubuntu|Any CPU.Build.0 = Debug|Any CPU
		{504504BF-1D63-4AD8-A870-E50895BE7155}.Debug_Ubuntu|Mixed Platforms.ActiveCfg = Debug|Any CPU
		{504504BF-1D63-4AD8-A870-E50895BE7155}.Debug_Ubuntu|Mixed Platforms.Build.0 = Debug|Any CPU
		{504504BF-1D63-4AD8-A870-E50895BE7155}.Debug_Ubuntu|x64.ActiveCfg = Debug|Any CPU
		{504504BF-1D63-4AD8-A870-E50895BE7155}.Debug_Ubuntu|x64.Build.0 = Debug|Any CPU
		{504504BF-1D63-4AD8-A870-E50895BE7155}.Debug_Ubuntu|x86.ActiveCfg = Debug|Any CPU
		{504504BF-1D63-4AD8-A870-E50895BE7155}.Debug_Ubuntu|x86.Build.0 = Debug|Any CPU
		{504504BF-1D63-4AD8-A870-E50895BE7155}.Debug|Any CPU.ActiveCfg = Debug|Any CPU
		{504504BF-1D63-4AD8-A870-E50895BE7155}.Debug|Any CPU.Build.0 = Debug|Any CPU
		{504504BF-1D63-4AD8-A870-E50895BE7155}.Debug|Mixed Platforms.ActiveCfg = Debug|Any CPU
		{504504BF-1D63-4AD8-A870-E50895BE7155}.Debug|Mixed Platforms.Build.0 = Debug|Any CPU
		{504504BF-1D63-4AD8-A870-E50895BE7155}.Debug|x64.ActiveCfg = Debug|Any CPU
		{504504BF-1D63-4AD8-A870-E50895BE7155}.Debug|x64.Build.0 = Debug|Any CPU
		{504504BF-1D63-4AD8-A870-E50895BE7155}.Debug|x86.ActiveCfg = Debug|Any CPU
		{504504BF-1D63-4AD8-A870-E50895BE7155}.Debug|x86.Build.0 = Debug|Any CPU
		{504504BF-1D63-4AD8-A870-E50895BE7155}.Release_Ubuntu|Any CPU.ActiveCfg = Release|Any CPU
		{504504BF-1D63-4AD8-A870-E50895BE7155}.Release_Ubuntu|Any CPU.Build.0 = Release|Any CPU
		{504504BF-1D63-4AD8-A870-E50895BE7155}.Release_Ubuntu|Mixed Platforms.ActiveCfg = Release|Any CPU
		{504504BF-1D63-4AD8-A870-E50895BE7155}.Release_Ubuntu|Mixed Platforms.Build.0 = Release|Any CPU
		{504504BF-1D63-4AD8-A870-E50895BE7155}.Release_Ubuntu|x64.ActiveCfg = Release|Any CPU
		{504504BF-1D63-4AD8-A870-E50895BE7155}.Release_Ubuntu|x64.Build.0 = Release|Any CPU
		{504504BF-1D63-4AD8-A870-E50895BE7155}.Release_Ubuntu|x86.ActiveCfg = Release|Any CPU
		{504504BF-1D63-4AD8-A870-E50895BE7155}.Release_Ubuntu|x86.Build.0 = Release|Any CPU
		{504504BF-1D63-4AD8-A870-E50895BE7155}.Release|Any CPU.ActiveCfg = Release|Any CPU
		{504504BF-1D63-4AD8-A870-E50895BE7155}.Release|Any CPU.Build.0 = Release|Any CPU
		{504504BF-1D63-4AD8-A870-E50895BE7155}.Release|Mixed Platforms.ActiveCfg = Release|Any CPU
		{504504BF-1D63-4AD8-A870-E50895BE7155}.Release|Mixed Platforms.Build.0 = Release|Any CPU
		{504504BF-1D63-4AD8-A870-E50895BE7155}.Release|x64.ActiveCfg = Release|Any CPU
		{504504BF-1D63-4AD8-A870-E50895BE7155}.Release|x64.Build.0 = Release|Any CPU
		{504504BF-1D63-4AD8-A870-E50895BE7155}.Release|x86.ActiveCfg = Release|Any CPU
		{504504BF-1D63-4AD8-A870-E50895BE7155}.Release|x86.Build.0 = Release|Any CPU
		{D61A043E-D974-4089-8365-08B042176152}.Debug_Ubuntu|Any CPU.ActiveCfg = Debug|Any CPU
		{D61A043E-D974-4089-8365-08B042176152}.Debug_Ubuntu|Any CPU.Build.0 = Debug|Any CPU
		{D61A043E-D974-4089-8365-08B042176152}.Debug_Ubuntu|Mixed Platforms.ActiveCfg = Debug|Any CPU
		{D61A043E-D974-4089-8365-08B042176152}.Debug_Ubuntu|Mixed Platforms.Build.0 = Debug|Any CPU
		{D61A043E-D974-4089-8365-08B042176152}.Debug_Ubuntu|x64.ActiveCfg = Debug|Any CPU
		{D61A043E-D974-4089-8365-08B042176152}.Debug_Ubuntu|x64.Build.0 = Debug|Any CPU
		{D61A043E-D974-4089-8365-08B042176152}.Debug_Ubuntu|x86.ActiveCfg = Debug|Any CPU
		{D61A043E-D974-4089-8365-08B042176152}.Debug_Ubuntu|x86.Build.0 = Debug|Any CPU
		{D61A043E-D974-4089-8365-08B042176152}.Debug|Any CPU.ActiveCfg = Debug|Any CPU
		{D61A043E-D974-4089-8365-08B042176152}.Debug|Any CPU.Build.0 = Debug|Any CPU
		{D61A043E-D974-4089-8365-08B042176152}.Debug|Mixed Platforms.ActiveCfg = Debug|Any CPU
		{D61A043E-D974-4089-8365-08B042176152}.Debug|Mixed Platforms.Build.0 = Debug|Any CPU
		{D61A043E-D974-4089-8365-08B042176152}.Debug|x64.ActiveCfg = Debug|Any CPU
		{D61A043E-D974-4089-8365-08B042176152}.Debug|x64.Build.0 = Debug|Any CPU
		{D61A043E-D974-4089-8365-08B042176152}.Debug|x86.ActiveCfg = Debug|Any CPU
		{D61A043E-D974-4089-8365-08B042176152}.Debug|x86.Build.0 = Debug|Any CPU
		{D61A043E-D974-4089-8365-08B042176152}.Release_Ubuntu|Any CPU.ActiveCfg = Release|Any CPU
		{D61A043E-D974-4089-8365-08B042176152}.Release_Ubuntu|Any CPU.Build.0 = Release|Any CPU
		{D61A043E-D974-4089-8365-08B042176152}.Release_Ubuntu|Mixed Platforms.ActiveCfg = Release|Any CPU
		{D61A043E-D974-4089-8365-08B042176152}.Release_Ubuntu|Mixed Platforms.Build.0 = Release|Any CPU
		{D61A043E-D974-4089-8365-08B042176152}.Release_Ubuntu|x64.ActiveCfg = Release|Any CPU
		{D61A043E-D974-4089-8365-08B042176152}.Release_Ubuntu|x64.Build.0 = Release|Any CPU
		{D61A043E-D974-4089-8365-08B042176152}.Release_Ubuntu|x86.ActiveCfg = Release|Any CPU
		{D61A043E-D974-4089-8365-08B042176152}.Release_Ubuntu|x86.Build.0 = Release|Any CPU
		{D61A043E-D974-4089-8365-08B042176152}.Release|Any CPU.ActiveCfg = Release|Any CPU
		{D61A043E-D974-4089-8365-08B042176152}.Release|Any CPU.Build.0 = Release|Any CPU
		{D61A043E-D974-4089-8365-08B042176152}.Release|Mixed Platforms.ActiveCfg = Release|Any CPU
		{D61A043E-D974-4089-8365-08B042176152}.Release|Mixed Platforms.Build.0 = Release|Any CPU
		{D61A043E-D974-4089-8365-08B042176152}.Release|x64.ActiveCfg = Release|Any CPU
		{D61A043E-D974-4089-8365-08B042176152}.Release|x64.Build.0 = Release|Any CPU
		{D61A043E-D974-4089-8365-08B042176152}.Release|x86.ActiveCfg = Release|Any CPU
		{D61A043E-D974-4089-8365-08B042176152}.Release|x86.Build.0 = Release|Any CPU
		{D5200E9E-CE32-4BEB-8BA8-FAAC9149B103}.Debug_Ubuntu|Any CPU.ActiveCfg = Debug|Any CPU
		{D5200E9E-CE32-4BEB-8BA8-FAAC9149B103}.Debug_Ubuntu|Any CPU.Build.0 = Debug|Any CPU
		{D5200E9E-CE32-4BEB-8BA8-FAAC9149B103}.Debug_Ubuntu|Mixed Platforms.ActiveCfg = Debug|Any CPU
		{D5200E9E-CE32-4BEB-8BA8-FAAC9149B103}.Debug_Ubuntu|Mixed Platforms.Build.0 = Debug|Any CPU
		{D5200E9E-CE32-4BEB-8BA8-FAAC9149B103}.Debug_Ubuntu|x64.ActiveCfg = Debug|Any CPU
		{D5200E9E-CE32-4BEB-8BA8-FAAC9149B103}.Debug_Ubuntu|x64.Build.0 = Debug|Any CPU
		{D5200E9E-CE32-4BEB-8BA8-FAAC9149B103}.Debug_Ubuntu|x86.ActiveCfg = Debug|Any CPU
		{D5200E9E-CE32-4BEB-8BA8-FAAC9149B103}.Debug_Ubuntu|x86.Build.0 = Debug|Any CPU
		{D5200E9E-CE32-4BEB-8BA8-FAAC9149B103}.Debug|Any CPU.ActiveCfg = Debug|Any CPU
		{D5200E9E-CE32-4BEB-8BA8-FAAC9149B103}.Debug|Any CPU.Build.0 = Debug|Any CPU
		{D5200E9E-CE32-4BEB-8BA8-FAAC9149B103}.Debug|Mixed Platforms.ActiveCfg = Debug|Any CPU
		{D5200E9E-CE32-4BEB-8BA8-FAAC9149B103}.Debug|Mixed Platforms.Build.0 = Debug|Any CPU
		{D5200E9E-CE32-4BEB-8BA8-FAAC9149B103}.Debug|x64.ActiveCfg = Debug|Any CPU
		{D5200E9E-CE32-4BEB-8BA8-FAAC9149B103}.Debug|x64.Build.0 = Debug|Any CPU
		{D5200E9E-CE32-4BEB-8BA8-FAAC9149B103}.Debug|x86.ActiveCfg = Debug|Any CPU
		{D5200E9E-CE32-4BEB-8BA8-FAAC9149B103}.Debug|x86.Build.0 = Debug|Any CPU
		{D5200E9E-CE32-4BEB-8BA8-FAAC9149B103}.Release_Ubuntu|Any CPU.ActiveCfg = Release|Any CPU
		{D5200E9E-CE32-4BEB-8BA8-FAAC9149B103}.Release_Ubuntu|Any CPU.Build.0 = Release|Any CPU
		{D5200E9E-CE32-4BEB-8BA8-FAAC9149B103}.Release_Ubuntu|Mixed Platforms.ActiveCfg = Release|Any CPU
		{D5200E9E-CE32-4BEB-8BA8-FAAC9149B103}.Release_Ubuntu|Mixed Platforms.Build.0 = Release|Any CPU
		{D5200E9E-CE32-4BEB-8BA8-FAAC9149B103}.Release_Ubuntu|x64.ActiveCfg = Release|Any CPU
		{D5200E9E-CE32-4BEB-8BA8-FAAC9149B103}.Release_Ubuntu|x64.Build.0 = Release|Any CPU
		{D5200E9E-CE32-4BEB-8BA8-FAAC9149B103}.Release_Ubuntu|x86.ActiveCfg = Release|Any CPU
		{D5200E9E-CE32-4BEB-8BA8-FAAC9149B103}.Release_Ubuntu|x86.Build.0 = Release|Any CPU
		{D5200E9E-CE32-4BEB-8BA8-FAAC9149B103}.Release|Any CPU.ActiveCfg = Release|Any CPU
		{D5200E9E-CE32-4BEB-8BA8-FAAC9149B103}.Release|Any CPU.Build.0 = Release|Any CPU
		{D5200E9E-CE32-4BEB-8BA8-FAAC9149B103}.Release|Mixed Platforms.ActiveCfg = Release|Any CPU
		{D5200E9E-CE32-4BEB-8BA8-FAAC9149B103}.Release|Mixed Platforms.Build.0 = Release|Any CPU
		{D5200E9E-CE32-4BEB-8BA8-FAAC9149B103}.Release|x64.ActiveCfg = Release|Any CPU
		{D5200E9E-CE32-4BEB-8BA8-FAAC9149B103}.Release|x64.Build.0 = Release|Any CPU
		{D5200E9E-CE32-4BEB-8BA8-FAAC9149B103}.Release|x86.ActiveCfg = Release|Any CPU
		{D5200E9E-CE32-4BEB-8BA8-FAAC9149B103}.Release|x86.Build.0 = Release|Any CPU
		{29B381A2-DC34-4D1C-95B3-42A8FFD94D5D}.Debug_Ubuntu|Any CPU.ActiveCfg = Debug|Any CPU
		{29B381A2-DC34-4D1C-95B3-42A8FFD94D5D}.Debug_Ubuntu|Any CPU.Build.0 = Debug|Any CPU
		{29B381A2-DC34-4D1C-95B3-42A8FFD94D5D}.Debug_Ubuntu|Mixed Platforms.ActiveCfg = Debug|Any CPU
		{29B381A2-DC34-4D1C-95B3-42A8FFD94D5D}.Debug_Ubuntu|Mixed Platforms.Build.0 = Debug|Any CPU
		{29B381A2-DC34-4D1C-95B3-42A8FFD94D5D}.Debug_Ubuntu|x64.ActiveCfg = Debug|Any CPU
		{29B381A2-DC34-4D1C-95B3-42A8FFD94D5D}.Debug_Ubuntu|x64.Build.0 = Debug|Any CPU
		{29B381A2-DC34-4D1C-95B3-42A8FFD94D5D}.Debug_Ubuntu|x86.ActiveCfg = Debug|Any CPU
		{29B381A2-DC34-4D1C-95B3-42A8FFD94D5D}.Debug_Ubuntu|x86.Build.0 = Debug|Any CPU
		{29B381A2-DC34-4D1C-95B3-42A8FFD94D5D}.Debug|Any CPU.ActiveCfg = Debug|Any CPU
		{29B381A2-DC34-4D1C-95B3-42A8FFD94D5D}.Debug|Any CPU.Build.0 = Debug|Any CPU
		{29B381A2-DC34-4D1C-95B3-42A8FFD94D5D}.Debug|Mixed Platforms.ActiveCfg = Debug|Any CPU
		{29B381A2-DC34-4D1C-95B3-42A8FFD94D5D}.Debug|Mixed Platforms.Build.0 = Debug|Any CPU
		{29B381A2-DC34-4D1C-95B3-42A8FFD94D5D}.Debug|x64.ActiveCfg = Debug|Any CPU
		{29B381A2-DC34-4D1C-95B3-42A8FFD94D5D}.Debug|x64.Build.0 = Debug|Any CPU
		{29B381A2-DC34-4D1C-95B3-42A8FFD94D5D}.Debug|x86.ActiveCfg = Debug|Any CPU
		{29B381A2-DC34-4D1C-95B3-42A8FFD94D5D}.Debug|x86.Build.0 = Debug|Any CPU
		{29B381A2-DC34-4D1C-95B3-42A8FFD94D5D}.Release_Ubuntu|Any CPU.ActiveCfg = Release|Any CPU
		{29B381A2-DC34-4D1C-95B3-42A8FFD94D5D}.Release_Ubuntu|Any CPU.Build.0 = Release|Any CPU
		{29B381A2-DC34-4D1C-95B3-42A8FFD94D5D}.Release_Ubuntu|Mixed Platforms.ActiveCfg = Release|Any CPU
		{29B381A2-DC34-4D1C-95B3-42A8FFD94D5D}.Release_Ubuntu|Mixed Platforms.Build.0 = Release|Any CPU
		{29B381A2-DC34-4D1C-95B3-42A8FFD94D5D}.Release_Ubuntu|x64.ActiveCfg = Release|Any CPU
		{29B381A2-DC34-4D1C-95B3-42A8FFD94D5D}.Release_Ubuntu|x64.Build.0 = Release|Any CPU
		{29B381A2-DC34-4D1C-95B3-42A8FFD94D5D}.Release_Ubuntu|x86.ActiveCfg = Release|Any CPU
		{29B381A2-DC34-4D1C-95B3-42A8FFD94D5D}.Release_Ubuntu|x86.Build.0 = Release|Any CPU
		{29B381A2-DC34-4D1C-95B3-42A8FFD94D5D}.Release|Any CPU.ActiveCfg = Release|Any CPU
		{29B381A2-DC34-4D1C-95B3-42A8FFD94D5D}.Release|Any CPU.Build.0 = Release|Any CPU
		{29B381A2-DC34-4D1C-95B3-42A8FFD94D5D}.Release|Mixed Platforms.ActiveCfg = Release|Any CPU
		{29B381A2-DC34-4D1C-95B3-42A8FFD94D5D}.Release|Mixed Platforms.Build.0 = Release|Any CPU
		{29B381A2-DC34-4D1C-95B3-42A8FFD94D5D}.Release|x64.ActiveCfg = Release|Any CPU
		{29B381A2-DC34-4D1C-95B3-42A8FFD94D5D}.Release|x64.Build.0 = Release|Any CPU
		{29B381A2-DC34-4D1C-95B3-42A8FFD94D5D}.Release|x86.ActiveCfg = Release|Any CPU
		{29B381A2-DC34-4D1C-95B3-42A8FFD94D5D}.Release|x86.Build.0 = Release|Any CPU
		{B0A10A37-A59C-4E2A-8B33-89E2C8D60284}.Debug_Ubuntu|Any CPU.ActiveCfg = Debug|Any CPU
		{B0A10A37-A59C-4E2A-8B33-89E2C8D60284}.Debug_Ubuntu|Any CPU.Build.0 = Debug|Any CPU
		{B0A10A37-A59C-4E2A-8B33-89E2C8D60284}.Debug_Ubuntu|Mixed Platforms.ActiveCfg = Debug|Any CPU
		{B0A10A37-A59C-4E2A-8B33-89E2C8D60284}.Debug_Ubuntu|Mixed Platforms.Build.0 = Debug|Any CPU
		{B0A10A37-A59C-4E2A-8B33-89E2C8D60284}.Debug_Ubuntu|x64.ActiveCfg = Debug|Any CPU
		{B0A10A37-A59C-4E2A-8B33-89E2C8D60284}.Debug_Ubuntu|x64.Build.0 = Debug|Any CPU
		{B0A10A37-A59C-4E2A-8B33-89E2C8D60284}.Debug_Ubuntu|x86.ActiveCfg = Debug|Any CPU
		{B0A10A37-A59C-4E2A-8B33-89E2C8D60284}.Debug_Ubuntu|x86.Build.0 = Debug|Any CPU
		{B0A10A37-A59C-4E2A-8B33-89E2C8D60284}.Debug|Any CPU.ActiveCfg = Debug|Any CPU
		{B0A10A37-A59C-4E2A-8B33-89E2C8D60284}.Debug|Any CPU.Build.0 = Debug|Any CPU
		{B0A10A37-A59C-4E2A-8B33-89E2C8D60284}.Debug|Mixed Platforms.ActiveCfg = Debug|Any CPU
		{B0A10A37-A59C-4E2A-8B33-89E2C8D60284}.Debug|Mixed Platforms.Build.0 = Debug|Any CPU
		{B0A10A37-A59C-4E2A-8B33-89E2C8D60284}.Debug|x64.ActiveCfg = Debug|Any CPU
		{B0A10A37-A59C-4E2A-8B33-89E2C8D60284}.Debug|x64.Build.0 = Debug|Any CPU
		{B0A10A37-A59C-4E2A-8B33-89E2C8D60284}.Debug|x86.ActiveCfg = Debug|Any CPU
		{B0A10A37-A59C-4E2A-8B33-89E2C8D60284}.Debug|x86.Build.0 = Debug|Any CPU
		{B0A10A37-A59C-4E2A-8B33-89E2C8D60284}.Release_Ubuntu|Any CPU.ActiveCfg = Release|Any CPU
		{B0A10A37-A59C-4E2A-8B33-89E2C8D60284}.Release_Ubuntu|Any CPU.Build.0 = Release|Any CPU
		{B0A10A37-A59C-4E2A-8B33-89E2C8D60284}.Release_Ubuntu|Mixed Platforms.ActiveCfg = Release|Any CPU
		{B0A10A37-A59C-4E2A-8B33-89E2C8D60284}.Release_Ubuntu|Mixed Platforms.Build.0 = Release|Any CPU
		{B0A10A37-A59C-4E2A-8B33-89E2C8D60284}.Release_Ubuntu|x64.ActiveCfg = Release|Any CPU
		{B0A10A37-A59C-4E2A-8B33-89E2C8D60284}.Release_Ubuntu|x64.Build.0 = Release|Any CPU
		{B0A10A37-A59C-4E2A-8B33-89E2C8D60284}.Release_Ubuntu|x86.ActiveCfg = Release|Any CPU
		{B0A10A37-A59C-4E2A-8B33-89E2C8D60284}.Release_Ubuntu|x86.Build.0 = Release|Any CPU
		{B0A10A37-A59C-4E2A-8B33-89E2C8D60284}.Release|Any CPU.ActiveCfg = Release|Any CPU
		{B0A10A37-A59C-4E2A-8B33-89E2C8D60284}.Release|Any CPU.Build.0 = Release|Any CPU
		{B0A10A37-A59C-4E2A-8B33-89E2C8D60284}.Release|Mixed Platforms.ActiveCfg = Release|Any CPU
		{B0A10A37-A59C-4E2A-8B33-89E2C8D60284}.Release|Mixed Platforms.Build.0 = Release|Any CPU
		{B0A10A37-A59C-4E2A-8B33-89E2C8D60284}.Release|x64.ActiveCfg = Release|Any CPU
		{B0A10A37-A59C-4E2A-8B33-89E2C8D60284}.Release|x64.Build.0 = Release|Any CPU
		{B0A10A37-A59C-4E2A-8B33-89E2C8D60284}.Release|x86.ActiveCfg = Release|Any CPU
		{B0A10A37-A59C-4E2A-8B33-89E2C8D60284}.Release|x86.Build.0 = Release|Any CPU
		{B1185306-721C-494D-B37E-5785125A051E}.Debug_Ubuntu|Any CPU.ActiveCfg = Debug|Any CPU
		{B1185306-721C-494D-B37E-5785125A051E}.Debug_Ubuntu|Any CPU.Build.0 = Debug|Any CPU
		{B1185306-721C-494D-B37E-5785125A051E}.Debug_Ubuntu|Mixed Platforms.ActiveCfg = Debug|Any CPU
		{B1185306-721C-494D-B37E-5785125A051E}.Debug_Ubuntu|Mixed Platforms.Build.0 = Debug|Any CPU
		{B1185306-721C-494D-B37E-5785125A051E}.Debug_Ubuntu|x64.ActiveCfg = Debug|Any CPU
		{B1185306-721C-494D-B37E-5785125A051E}.Debug_Ubuntu|x64.Build.0 = Debug|Any CPU
		{B1185306-721C-494D-B37E-5785125A051E}.Debug_Ubuntu|x86.ActiveCfg = Debug|Any CPU
		{B1185306-721C-494D-B37E-5785125A051E}.Debug_Ubuntu|x86.Build.0 = Debug|Any CPU
		{B1185306-721C-494D-B37E-5785125A051E}.Debug|Any CPU.ActiveCfg = Debug|Any CPU
		{B1185306-721C-494D-B37E-5785125A051E}.Debug|Any CPU.Build.0 = Debug|Any CPU
		{B1185306-721C-494D-B37E-5785125A051E}.Debug|Mixed Platforms.ActiveCfg = Debug|Any CPU
		{B1185306-721C-494D-B37E-5785125A051E}.Debug|Mixed Platforms.Build.0 = Debug|Any CPU
		{B1185306-721C-494D-B37E-5785125A051E}.Debug|x64.ActiveCfg = Debug|Any CPU
		{B1185306-721C-494D-B37E-5785125A051E}.Debug|x64.Build.0 = Debug|Any CPU
		{B1185306-721C-494D-B37E-5785125A051E}.Debug|x86.ActiveCfg = Debug|Any CPU
		{B1185306-721C-494D-B37E-5785125A051E}.Debug|x86.Build.0 = Debug|Any CPU
		{B1185306-721C-494D-B37E-5785125A051E}.Release_Ubuntu|Any CPU.ActiveCfg = Release|Any CPU
		{B1185306-721C-494D-B37E-5785125A051E}.Release_Ubuntu|Any CPU.Build.0 = Release|Any CPU
		{B1185306-721C-494D-B37E-5785125A051E}.Release_Ubuntu|Mixed Platforms.ActiveCfg = Release|Any CPU
		{B1185306-721C-494D-B37E-5785125A051E}.Release_Ubuntu|Mixed Platforms.Build.0 = Release|Any CPU
		{B1185306-721C-494D-B37E-5785125A051E}.Release_Ubuntu|x64.ActiveCfg = Release|Any CPU
		{B1185306-721C-494D-B37E-5785125A051E}.Release_Ubuntu|x64.Build.0 = Release|Any CPU
		{B1185306-721C-494D-B37E-5785125A051E}.Release_Ubuntu|x86.ActiveCfg = Release|Any CPU
		{B1185306-721C-494D-B37E-5785125A051E}.Release_Ubuntu|x86.Build.0 = Release|Any CPU
		{B1185306-721C-494D-B37E-5785125A051E}.Release|Any CPU.ActiveCfg = Release|Any CPU
		{B1185306-721C-494D-B37E-5785125A051E}.Release|Any CPU.Build.0 = Release|Any CPU
		{B1185306-721C-494D-B37E-5785125A051E}.Release|Mixed Platforms.ActiveCfg = Release|Any CPU
		{B1185306-721C-494D-B37E-5785125A051E}.Release|Mixed Platforms.Build.0 = Release|Any CPU
		{B1185306-721C-494D-B37E-5785125A051E}.Release|x64.ActiveCfg = Release|Any CPU
		{B1185306-721C-494D-B37E-5785125A051E}.Release|x64.Build.0 = Release|Any CPU
		{B1185306-721C-494D-B37E-5785125A051E}.Release|x86.ActiveCfg = Release|Any CPU
		{B1185306-721C-494D-B37E-5785125A051E}.Release|x86.Build.0 = Release|Any CPU
		{B850C642-2640-4FAF-91B5-8FFCDEB473BB}.Debug_Ubuntu|Any CPU.ActiveCfg = Debug|Any CPU
		{B850C642-2640-4FAF-91B5-8FFCDEB473BB}.Debug_Ubuntu|Any CPU.Build.0 = Debug|Any CPU
		{B850C642-2640-4FAF-91B5-8FFCDEB473BB}.Debug_Ubuntu|Mixed Platforms.ActiveCfg = Debug|Any CPU
		{B850C642-2640-4FAF-91B5-8FFCDEB473BB}.Debug_Ubuntu|Mixed Platforms.Build.0 = Debug|Any CPU
		{B850C642-2640-4FAF-91B5-8FFCDEB473BB}.Debug_Ubuntu|x64.ActiveCfg = Debug|Any CPU
		{B850C642-2640-4FAF-91B5-8FFCDEB473BB}.Debug_Ubuntu|x64.Build.0 = Debug|Any CPU
		{B850C642-2640-4FAF-91B5-8FFCDEB473BB}.Debug_Ubuntu|x86.ActiveCfg = Debug|Any CPU
		{B850C642-2640-4FAF-91B5-8FFCDEB473BB}.Debug_Ubuntu|x86.Build.0 = Debug|Any CPU
		{B850C642-2640-4FAF-91B5-8FFCDEB473BB}.Debug|Any CPU.ActiveCfg = Debug|Any CPU
		{B850C642-2640-4FAF-91B5-8FFCDEB473BB}.Debug|Any CPU.Build.0 = Debug|Any CPU
		{B850C642-2640-4FAF-91B5-8FFCDEB473BB}.Debug|Mixed Platforms.ActiveCfg = Debug|Any CPU
		{B850C642-2640-4FAF-91B5-8FFCDEB473BB}.Debug|Mixed Platforms.Build.0 = Debug|Any CPU
		{B850C642-2640-4FAF-91B5-8FFCDEB473BB}.Debug|x64.ActiveCfg = Debug|Any CPU
		{B850C642-2640-4FAF-91B5-8FFCDEB473BB}.Debug|x64.Build.0 = Debug|Any CPU
		{B850C642-2640-4FAF-91B5-8FFCDEB473BB}.Debug|x86.ActiveCfg = Debug|Any CPU
		{B850C642-2640-4FAF-91B5-8FFCDEB473BB}.Debug|x86.Build.0 = Debug|Any CPU
		{B850C642-2640-4FAF-91B5-8FFCDEB473BB}.Release_Ubuntu|Any CPU.ActiveCfg = Release|Any CPU
		{B850C642-2640-4FAF-91B5-8FFCDEB473BB}.Release_Ubuntu|Any CPU.Build.0 = Release|Any CPU
		{B850C642-2640-4FAF-91B5-8FFCDEB473BB}.Release_Ubuntu|Mixed Platforms.ActiveCfg = Release|Any CPU
		{B850C642-2640-4FAF-91B5-8FFCDEB473BB}.Release_Ubuntu|Mixed Platforms.Build.0 = Release|Any CPU
		{B850C642-2640-4FAF-91B5-8FFCDEB473BB}.Release_Ubuntu|x64.ActiveCfg = Release|Any CPU
		{B850C642-2640-4FAF-91B5-8FFCDEB473BB}.Release_Ubuntu|x64.Build.0 = Release|Any CPU
		{B850C642-2640-4FAF-91B5-8FFCDEB473BB}.Release_Ubuntu|x86.ActiveCfg = Release|Any CPU
		{B850C642-2640-4FAF-91B5-8FFCDEB473BB}.Release_Ubuntu|x86.Build.0 = Release|Any CPU
		{B850C642-2640-4FAF-91B5-8FFCDEB473BB}.Release|Any CPU.ActiveCfg = Release|Any CPU
		{B850C642-2640-4FAF-91B5-8FFCDEB473BB}.Release|Any CPU.Build.0 = Release|Any CPU
		{B850C642-2640-4FAF-91B5-8FFCDEB473BB}.Release|Mixed Platforms.ActiveCfg = Release|Any CPU
		{B850C642-2640-4FAF-91B5-8FFCDEB473BB}.Release|Mixed Platforms.Build.0 = Release|Any CPU
		{B850C642-2640-4FAF-91B5-8FFCDEB473BB}.Release|x64.ActiveCfg = Release|Any CPU
		{B850C642-2640-4FAF-91B5-8FFCDEB473BB}.Release|x64.Build.0 = Release|Any CPU
		{B850C642-2640-4FAF-91B5-8FFCDEB473BB}.Release|x86.ActiveCfg = Release|Any CPU
		{B850C642-2640-4FAF-91B5-8FFCDEB473BB}.Release|x86.Build.0 = Release|Any CPU
	EndGlobalSection
	GlobalSection(SolutionProperties) = preSolution
		HideSolutionNode = FALSE
	EndGlobalSection
	GlobalSection(NestedProjects) = preSolution
		{428BB290-5C65-4B36-9567-B712202D0A5D} = {38321FFD-B752-4D0E-A2D4-3F4AA0D1B40E}
		{17B2EA86-E559-4359-B86F-644BB4419AD6} = {B7D63E9F-C418-443F-A0EB-727799995EAB}
		{3AF714C6-C1A7-4F06-B4FE-EC66CC7470A9} = {0BA0F3CA-7046-46E9-B1FA-E4997E51C754}
		{DD68D353-ED53-49C9-8396-A90114C419EE} = {A222A2F8-8A74-48F2-BB52-C10C0F26F46C}
		{07D9EB5F-FD46-4A11-9FF3-4C526AC9E81E} = {38321FFD-B752-4D0E-A2D4-3F4AA0D1B40E}
		{438B179C-078B-4CA4-8110-70AE3212083C} = {38321FFD-B752-4D0E-A2D4-3F4AA0D1B40E}
		{437DB060-9717-422D-8B82-C8D77C744C2D} = {B7D63E9F-C418-443F-A0EB-727799995EAB}
		{16BDB15A-34C1-4A27-8378-B84A3A038D84} = {38321FFD-B752-4D0E-A2D4-3F4AA0D1B40E}
		{A6C30720-8D6C-48CC-9EC4-38C907F7D4DA} = {A222A2F8-8A74-48F2-BB52-C10C0F26F46C}
		{C20AD704-821A-46F2-815E-459A64EE54A4} = {B7D63E9F-C418-443F-A0EB-727799995EAB}
		{6DF0378E-C979-4DEC-9023-FE43EAB35D1C} = {B7D63E9F-C418-443F-A0EB-727799995EAB}
		{A55708A0-4D57-44C4-A2C9-D9584431FC33} = {A222A2F8-8A74-48F2-BB52-C10C0F26F46C}
		{DFB3EC19-A868-491D-9081-9DB04B209785} = {A222A2F8-8A74-48F2-BB52-C10C0F26F46C}
		{3C70AD17-C367-488A-A23D-A8551A819AF5} = {38321FFD-B752-4D0E-A2D4-3F4AA0D1B40E}
		{80EBA657-722D-4DC6-AB74-F127FD20DC1D} = {38321FFD-B752-4D0E-A2D4-3F4AA0D1B40E}
		{B3BD0613-828A-4DE0-B7E8-0A436A65C428} = {B7D63E9F-C418-443F-A0EB-727799995EAB}
		{0E47161A-D956-424A-8FD7-469B1207BBA1} = {0BA0F3CA-7046-46E9-B1FA-E4997E51C754}
		{5AA9C264-5C3D-4F5E-B522-8292A8A70BD5} = {B7D63E9F-C418-443F-A0EB-727799995EAB}
		{D84F8891-CE6E-44B3-83CA-87325D1F2BC4} = {38321FFD-B752-4D0E-A2D4-3F4AA0D1B40E}
		{76FBF776-3F46-4C34-9FDB-C77D16762F06} = {B7D63E9F-C418-443F-A0EB-727799995EAB}
		{504504BF-1D63-4AD8-A870-E50895BE7155} = {A222A2F8-8A74-48F2-BB52-C10C0F26F46C}
		{D61A043E-D974-4089-8365-08B042176152} = {38321FFD-B752-4D0E-A2D4-3F4AA0D1B40E}
		{D5200E9E-CE32-4BEB-8BA8-FAAC9149B103} = {38321FFD-B752-4D0E-A2D4-3F4AA0D1B40E}
		{29B381A2-DC34-4D1C-95B3-42A8FFD94D5D} = {B7D63E9F-C418-443F-A0EB-727799995EAB}
		{B1185306-721C-494D-B37E-5785125A051E} = {B7D63E9F-C418-443F-A0EB-727799995EAB}
		{B850C642-2640-4FAF-91B5-8FFCDEB473BB} = {B7D63E9F-C418-443F-A0EB-727799995EAB}
	EndGlobalSection
EndGlobal
